// !$*UTF8*$!
{
	archiveVersion = 1;
	classes = {
	};
	objectVersion = 50;
	objects = {

/* Begin PBXBuildFile section */
		005B0D7767364EE83142010AAE3F25CF /* Assets.xcassets in Resources */ = {isa = PBXBuildFile; fileRef = 02616C4AB21A85C687C03458439E5FCE /* Assets.xcassets */; };
		11B2A89136452CDB60899F172D63E348 /* ImageSort.swift in Sources */ = {isa = PBXBuildFile; fileRef = D2418101700466D394D190E562E7128A /* ImageSort.swift */; };
		170E900761989D47E5BB3B725C200221 /* MockSession.swift in Sources */ = {isa = PBXBuildFile; fileRef = 536D34D0A463044B31F6D927B668AB33 /* MockSession.swift */; };
		1761759E0A784D4019F0F0ADA7165DBE /* FirebaseEndPoint.swift in Sources */ = {isa = PBXBuildFile; fileRef = D91C7849BCDDBE088CD140F2BFBB7805 /* FirebaseEndPoint.swift */; };
		193183B44F7BF93BABED85C19808D00F /* Dispatchable.swift in Sources */ = {isa = PBXBuildFile; fileRef = B22419B86CABB56E0D1EA11DC29ABBF5 /* Dispatchable.swift */; };
		1C10746637F03C86A4A08D99171A4D14 /* AppDelegate.swift in Sources */ = {isa = PBXBuildFile; fileRef = 69A0A3ED2A0B8654815B50854C44633E /* AppDelegate.swift */; };
		1FF585F0DA726CE41765B5651F59C5AD /* HTTPMethod.swift in Sources */ = {isa = PBXBuildFile; fileRef = 9CBA08F543787DD077B77246BBAB8D56 /* HTTPMethod.swift */; };
		26B556129939A8E80D5949BC9F7EB8D2 /* NetworkFactory.swift in Sources */ = {isa = PBXBuildFile; fileRef = 0E062B3B314D8F92FB59148A1C473DBA /* NetworkFactory.swift */; };
		445A16B3DE66210EC82D0D24F7B77BD6 /* ExampleViewController.swift in Sources */ = {isa = PBXBuildFile; fileRef = 6EB856024BD68CAE8110ACFF92382570 /* ExampleViewController.swift */; };
		4706E079655357F5EA36071F63D288F0 /* URLSessionTaskProtocol.swift in Sources */ = {isa = PBXBuildFile; fileRef = DDDC7E8C9F80EBC74174FE4E71DE1ACF /* URLSessionTaskProtocol.swift */; };
		470F3DFED7046210196C2397BC4795A4 /* MockDataTask.swift in Sources */ = {isa = PBXBuildFile; fileRef = 6899391F1ED48BCBA6B8FD961F821DCA /* MockDataTask.swift */; };
		5FDAA1790C83B8B32FC46DF8456AD4C0 /* BeBravUnitTests.swift in Sources */ = {isa = PBXBuildFile; fileRef = DC6AB31456A5D684D0087292DEF0967C /* BeBravUnitTests.swift */; };
		60D1D55217130439BD31D130051FCC38 /* URL+.swift in Sources */ = {isa = PBXBuildFile; fileRef = B6BE210C787F5574020BDC1AE5E304DF /* URL+.swift */; };
		671DD616ED33028D0057BA2412CDC168 /* ServerStorage.swift in Sources */ = {isa = PBXBuildFile; fileRef = DBEFD8D1FE4E56525830BB8227DC6D83 /* ServerStorage.swift */; };
		77661E629E877953849B26F0C6AEFF47 /* URLResponse+.swift in Sources */ = {isa = PBXBuildFile; fileRef = D2066CF1F1F20F363BF4B7C00618BE98 /* URLResponse+.swift */; };
		7C8136055A88A34843E3B6908195FFA4 /* ServerDatabase.swift in Sources */ = {isa = PBXBuildFile; fileRef = 66408842EA6397A1AD6007797C087F4D /* ServerDatabase.swift */; };
		93EA24BFD13FD0BDCC87CEE5FE57634D /* NetworkSeparator.swift in Sources */ = {isa = PBXBuildFile; fileRef = 8C5D6EC549D2BD013DE8B86A9AE846F4 /* NetworkSeparator.swift */; };
		A1D9FC159C7C4D21BF48DF513EE8159A /* RequestMakable.swift in Sources */ = {isa = PBXBuildFile; fileRef = 654D78A5904B780504A9B5B97DECBEDE /* RequestMakable.swift */; };
		B3E804D49883A8489854115DA9F90B21 /* URLSessionProtocol.swift in Sources */ = {isa = PBXBuildFile; fileRef = 998C19B338FBB4958D94697BBE90DD4C /* URLSessionProtocol.swift */; };
		BD7D2D4817051FD269482ABD07BC468B /* FirebaseService.swift in Sources */ = {isa = PBXBuildFile; fileRef = 4AC34D33751302A3746DE33B69BFA7C3 /* FirebaseService.swift */; };
		C555EECF43C0FF0F08C7062638A37D8E /* NetworkDependencyContainer.swift in Sources */ = {isa = PBXBuildFile; fileRef = E483191689A983A91EBF9897724AA583 /* NetworkDependencyContainer.swift */; };
		C7F65DA760AB4BFDF3C89402698452F0 /* ServerAuth.swift in Sources */ = {isa = PBXBuildFile; fileRef = E1A6A11AD20B51D7520BEF301D6021CB /* ServerAuth.swift */; };
		CBB944BB76BBBFCCAA3E70C60F5273EE /* Dispatcher.swift in Sources */ = {isa = PBXBuildFile; fileRef = 87126F506BAC443AEDE8C8134B7997A8 /* Dispatcher.swift */; };
		D5E0E92666F7A8F144234B74051B8C24 /* RequestMaker.swift in Sources */ = {isa = PBXBuildFile; fileRef = 84EDAAF6DDC2D0B551908254305AB112 /* RequestMaker.swift */; };
		D9AD3A8FFAA069AEC6C87F2B24E16C48 /* JsonParser.swift in Sources */ = {isa = PBXBuildFile; fileRef = BDF40FA6299448F3CF2E98E99DED75F2 /* JsonParser.swift */; };
		ECEB41672F04A060864978000F897BBD /* ResponseParser.swift in Sources */ = {isa = PBXBuildFile; fileRef = 77B1F73C1A143A8E19F2B7D3A4FC5A85 /* ResponseParser.swift */; };
		EE3FC266079737BC699DC02C7758C9BF /* NetworkModel.swift in Sources */ = {isa = PBXBuildFile; fileRef = 445E6FF1BF3B7317F568015266E29630 /* NetworkModel.swift */; };
		EFC397362B6F678BE5DBAA5B5E9B1B70 /* Error.swift in Sources */ = {isa = PBXBuildFile; fileRef = A9335B821F9481D430A4CA08BAFAAC79 /* Error.swift */; };
		F4A20BE4EE62965C72D3FBD0E0839EB2 /* NetworkSeperatable.swift in Sources */ = {isa = PBXBuildFile; fileRef = 28F537CD16BEA8A0F2445AF3C630D854 /* NetworkSeperatable.swift */; };
/* End PBXBuildFile section */

/* Begin PBXContainerItemProxy section */
		FB59B1A154BEBEC446128654629A953D /* PBXContainerItemProxy */ = {
			isa = PBXContainerItemProxy;
			containerPortal = AC48AED89DFDBB715861FF1B365E3DAE /* Project object */;
			proxyType = 1;
			remoteGlobalIDString = EE61BE386E63B40F421A4E4C91040822;
			remoteInfo = BeBrav;
		};
/* End PBXContainerItemProxy section */

/* Begin PBXFileReference section */
		02616C4AB21A85C687C03458439E5FCE /* Assets.xcassets */ = {isa = PBXFileReference; lastKnownFileType = folder.assetcatalog; path = Assets.xcassets; sourceTree = "<group>"; };
		0E062B3B314D8F92FB59148A1C473DBA /* NetworkFactory.swift */ = {isa = PBXFileReference; lastKnownFileType = sourcecode.swift; path = NetworkFactory.swift; sourceTree = "<group>"; };
		28F537CD16BEA8A0F2445AF3C630D854 /* NetworkSeperatable.swift */ = {isa = PBXFileReference; lastKnownFileType = sourcecode.swift; path = NetworkSeperatable.swift; sourceTree = "<group>"; };
		359BD64513138B2A7F79B192779A1FBF /* Info.plist */ = {isa = PBXFileReference; lastKnownFileType = text.plist.xml; path = Info.plist; sourceTree = "<group>"; };
		445E6FF1BF3B7317F568015266E29630 /* NetworkModel.swift */ = {isa = PBXFileReference; lastKnownFileType = sourcecode.swift; path = NetworkModel.swift; sourceTree = "<group>"; };
		4AC34D33751302A3746DE33B69BFA7C3 /* FirebaseService.swift */ = {isa = PBXFileReference; lastKnownFileType = sourcecode.swift; path = FirebaseService.swift; sourceTree = "<group>"; };
		536D34D0A463044B31F6D927B668AB33 /* MockSession.swift */ = {isa = PBXFileReference; lastKnownFileType = sourcecode.swift; path = MockSession.swift; sourceTree = "<group>"; };
		654D78A5904B780504A9B5B97DECBEDE /* RequestMakable.swift */ = {isa = PBXFileReference; lastKnownFileType = sourcecode.swift; path = RequestMakable.swift; sourceTree = "<group>"; };
		66408842EA6397A1AD6007797C087F4D /* ServerDatabase.swift */ = {isa = PBXFileReference; lastKnownFileType = sourcecode.swift; path = ServerDatabase.swift; sourceTree = "<group>"; };
		6899391F1ED48BCBA6B8FD961F821DCA /* MockDataTask.swift */ = {isa = PBXFileReference; lastKnownFileType = sourcecode.swift; path = MockDataTask.swift; sourceTree = "<group>"; };
		69A0A3ED2A0B8654815B50854C44633E /* AppDelegate.swift */ = {isa = PBXFileReference; lastKnownFileType = sourcecode.swift; path = AppDelegate.swift; sourceTree = "<group>"; };
		6EB856024BD68CAE8110ACFF92382570 /* ExampleViewController.swift */ = {isa = PBXFileReference; lastKnownFileType = sourcecode.swift; path = ExampleViewController.swift; sourceTree = "<group>"; };
		77B1F73C1A143A8E19F2B7D3A4FC5A85 /* ResponseParser.swift */ = {isa = PBXFileReference; lastKnownFileType = sourcecode.swift; path = ResponseParser.swift; sourceTree = "<group>"; };
		84EDAAF6DDC2D0B551908254305AB112 /* RequestMaker.swift */ = {isa = PBXFileReference; lastKnownFileType = sourcecode.swift; path = RequestMaker.swift; sourceTree = "<group>"; };
		87126F506BAC443AEDE8C8134B7997A8 /* Dispatcher.swift */ = {isa = PBXFileReference; lastKnownFileType = sourcecode.swift; path = Dispatcher.swift; sourceTree = "<group>"; };
		8C5D6EC549D2BD013DE8B86A9AE846F4 /* NetworkSeparator.swift */ = {isa = PBXFileReference; lastKnownFileType = sourcecode.swift; path = NetworkSeparator.swift; sourceTree = "<group>"; };
		926F3EA2607F67AF8410EAF1374AE908 /* BeBravUnitTests.xctest */ = {isa = PBXFileReference; explicitFileType = wrapper.cfbundle; includeInIndex = 0; path = BeBravUnitTests.xctest; sourceTree = BUILT_PRODUCTS_DIR; };
		998C19B338FBB4958D94697BBE90DD4C /* URLSessionProtocol.swift */ = {isa = PBXFileReference; lastKnownFileType = sourcecode.swift; path = URLSessionProtocol.swift; sourceTree = "<group>"; };
		9CBA08F543787DD077B77246BBAB8D56 /* HTTPMethod.swift */ = {isa = PBXFileReference; lastKnownFileType = sourcecode.swift; path = HTTPMethod.swift; sourceTree = "<group>"; };
		A9335B821F9481D430A4CA08BAFAAC79 /* Error.swift */ = {isa = PBXFileReference; fileEncoding = 4; lastKnownFileType = sourcecode.swift; path = Error.swift; sourceTree = "<group>"; };
		B22419B86CABB56E0D1EA11DC29ABBF5 /* Dispatchable.swift */ = {isa = PBXFileReference; lastKnownFileType = sourcecode.swift; path = Dispatchable.swift; sourceTree = "<group>"; };
		B6BE210C787F5574020BDC1AE5E304DF /* URL+.swift */ = {isa = PBXFileReference; lastKnownFileType = sourcecode.swift; path = "URL+.swift"; sourceTree = "<group>"; };
		BDF40FA6299448F3CF2E98E99DED75F2 /* JsonParser.swift */ = {isa = PBXFileReference; lastKnownFileType = sourcecode.swift; path = JsonParser.swift; sourceTree = "<group>"; };
		D2066CF1F1F20F363BF4B7C00618BE98 /* URLResponse+.swift */ = {isa = PBXFileReference; lastKnownFileType = sourcecode.swift; path = "URLResponse+.swift"; sourceTree = "<group>"; };
		D2418101700466D394D190E562E7128A /* ImageSort.swift */ = {isa = PBXFileReference; lastKnownFileType = sourcecode.swift; path = ImageSort.swift; sourceTree = "<group>"; };
		D6FEC244DAF9284C10C26BEF1CC66DB2 /* BeBrav.app */ = {isa = PBXFileReference; explicitFileType = wrapper.application; includeInIndex = 0; path = BeBrav.app; sourceTree = BUILT_PRODUCTS_DIR; };
		D91C7849BCDDBE088CD140F2BFBB7805 /* FirebaseEndPoint.swift */ = {isa = PBXFileReference; lastKnownFileType = sourcecode.swift; path = FirebaseEndPoint.swift; sourceTree = "<group>"; };
		DBEFD8D1FE4E56525830BB8227DC6D83 /* ServerStorage.swift */ = {isa = PBXFileReference; lastKnownFileType = sourcecode.swift; path = ServerStorage.swift; sourceTree = "<group>"; };
		DC6AB31456A5D684D0087292DEF0967C /* BeBravUnitTests.swift */ = {isa = PBXFileReference; lastKnownFileType = sourcecode.swift; path = BeBravUnitTests.swift; sourceTree = "<group>"; };
		DDDC7E8C9F80EBC74174FE4E71DE1ACF /* URLSessionTaskProtocol.swift */ = {isa = PBXFileReference; lastKnownFileType = sourcecode.swift; path = URLSessionTaskProtocol.swift; sourceTree = "<group>"; };
		E1A6A11AD20B51D7520BEF301D6021CB /* ServerAuth.swift */ = {isa = PBXFileReference; lastKnownFileType = sourcecode.swift; path = ServerAuth.swift; sourceTree = "<group>"; };
		E483191689A983A91EBF9897724AA583 /* NetworkDependencyContainer.swift */ = {isa = PBXFileReference; lastKnownFileType = sourcecode.swift; path = NetworkDependencyContainer.swift; sourceTree = "<group>"; };
/* End PBXFileReference section */

/* Begin PBXFrameworksBuildPhase section */
		6267DC440BAD93277067EB9E10CB50D7 /* Frameworks */ = {
			isa = PBXFrameworksBuildPhase;
			buildActionMask = 2147483647;
			files = (
			);
			runOnlyForDeploymentPostprocessing = 0;
		};
		6B7D302F71B8400B14119A6BD755BEEF /* Frameworks */ = {
			isa = PBXFrameworksBuildPhase;
			buildActionMask = 2147483647;
			files = (
			);
			runOnlyForDeploymentPostprocessing = 0;
		};
/* End PBXFrameworksBuildPhase section */

/* Begin PBXGroup section */
		0BBAA515B504C14DCF51F29AC465CE96 /* BeBrav */ = {
			isa = PBXGroup;
			children = (
				69A0A3ED2A0B8654815B50854C44633E /* AppDelegate.swift */,
				02616C4AB21A85C687C03458439E5FCE /* Assets.xcassets */,
				6EB856024BD68CAE8110ACFF92382570 /* ExampleViewController.swift */,
				D2418101700466D394D190E562E7128A /* ImageSort.swift */,
			);
			path = BeBrav;
			sourceTree = "<group>";
		};
		1B1B1376FAF23596F96B6198BBDDEEA9 /* Products */ = {
			isa = PBXGroup;
			children = (
				D6FEC244DAF9284C10C26BEF1CC66DB2 /* BeBrav.app */,
				926F3EA2607F67AF8410EAF1374AE908 /* BeBravUnitTests.xctest */,
			);
			name = Products;
			sourceTree = "<group>";
		};
		1F701BB1E0EDA4AA4E3FD5492BA4C4A6 /* requestMaker */ = {
			isa = PBXGroup;
			children = (
				654D78A5904B780504A9B5B97DECBEDE /* RequestMakable.swift */,
				84EDAAF6DDC2D0B551908254305AB112 /* RequestMaker.swift */,
			);
			path = requestMaker;
			sourceTree = "<group>";
		};
		2F3ED2A58D132E864D96BAAFF227E6C8 /* BeBravUnitTests */ = {
			isa = PBXGroup;
			children = (
				DC6AB31456A5D684D0087292DEF0967C /* BeBravUnitTests.swift */,
				359BD64513138B2A7F79B192779A1FBF /* Info.plist */,
			);
			path = BeBravUnitTests;
			sourceTree = "<group>";
		};
		317CAFABE906B92BAF66FE8359949AD4 /* Utils */ = {
			isa = PBXGroup;
			children = (
				6899391F1ED48BCBA6B8FD961F821DCA /* MockDataTask.swift */,
				536D34D0A463044B31F6D927B668AB33 /* MockSession.swift */,
				998C19B338FBB4958D94697BBE90DD4C /* URLSessionProtocol.swift */,
				DDDC7E8C9F80EBC74174FE4E71DE1ACF /* URLSessionTaskProtocol.swift */,
			);
			path = Utils;
			sourceTree = "<group>";
		};
		3BA11B6213846F8BB313807AA1099975 /* EndPoint */ = {
			isa = PBXGroup;
			children = (
				D91C7849BCDDBE088CD140F2BFBB7805 /* FirebaseEndPoint.swift */,
				9CBA08F543787DD077B77246BBAB8D56 /* HTTPMethod.swift */,
			);
			path = EndPoint;
			sourceTree = "<group>";
		};
		4FB49271056E4486A3040856A77CEFEB /* NetworkModels */ = {
			isa = PBXGroup;
			children = (
				445E6FF1BF3B7317F568015266E29630 /* NetworkModel.swift */,
			);
			path = NetworkModels;
			sourceTree = "<group>";
		};
		623D1C02FA01F2265985FC0C20FA9947 /* ServerStorage */ = {
			isa = PBXGroup;
			children = (
				DBEFD8D1FE4E56525830BB8227DC6D83 /* ServerStorage.swift */,
			);
			path = ServerStorage;
			sourceTree = "<group>";
		};
		6BBE624A6A80D9B127E815785CF23566 /* ServerDatabase */ = {
			isa = PBXGroup;
			children = (
				66408842EA6397A1AD6007797C087F4D /* ServerDatabase.swift */,
			);
			path = ServerDatabase;
			sourceTree = "<group>";
		};
		7B5751096601899D2F92D8720D4B5CD3 /* FirebaseModules */ = {
			isa = PBXGroup;
			children = (
				F2739ADAF5D2B40444D3E7D8B34A3F51 /* ServerAuth */,
				6BBE624A6A80D9B127E815785CF23566 /* ServerDatabase */,
				623D1C02FA01F2265985FC0C20FA9947 /* ServerStorage */,
				4AC34D33751302A3746DE33B69BFA7C3 /* FirebaseService.swift */,
			);
			path = FirebaseModules;
			sourceTree = "<group>";
		};
		80E655FEA28D86A161505362D68D5885 /* NetworkFactories */ = {
			isa = PBXGroup;
			children = (
				E483191689A983A91EBF9897724AA583 /* NetworkDependencyContainer.swift */,
				0E062B3B314D8F92FB59148A1C473DBA /* NetworkFactory.swift */,
			);
			path = NetworkFactories;
			sourceTree = "<group>";
		};
		8C6FA7D44CFF8B0A1183703854D923B8 /* JsonParser */ = {
			isa = PBXGroup;
			children = (
				BDF40FA6299448F3CF2E98E99DED75F2 /* JsonParser.swift */,
			);
			path = JsonParser;
			sourceTree = "<group>";
		};
		962617AE65585D1417BF7A1E38E47F35 /* ResponseParser */ = {
			isa = PBXGroup;
			children = (
				8C6FA7D44CFF8B0A1183703854D923B8 /* JsonParser */,
				77B1F73C1A143A8E19F2B7D3A4FC5A85 /* ResponseParser.swift */,
			);
			path = ResponseParser;
			sourceTree = "<group>";
		};
		B97F28A7EE8C7E4A8E37852868F25E8A = {
			isa = PBXGroup;
			children = (
				0BBAA515B504C14DCF51F29AC465CE96 /* BeBrav */,
				2F3ED2A58D132E864D96BAAFF227E6C8 /* BeBravUnitTests */,
				CDF544D943249E38CD05CEF55CD79DD9 /* Networking */,
				1B1B1376FAF23596F96B6198BBDDEEA9 /* Products */,
			);
			sourceTree = "<group>";
		};
		C32A64FF9CC5CB2827AB694609B9EF5B /* APIService */ = {
			isa = PBXGroup;
			children = (
				B22419B86CABB56E0D1EA11DC29ABBF5 /* Dispatchable.swift */,
				87126F506BAC443AEDE8C8134B7997A8 /* Dispatcher.swift */,
				8C5D6EC549D2BD013DE8B86A9AE846F4 /* NetworkSeparator.swift */,
				28F537CD16BEA8A0F2445AF3C630D854 /* NetworkSeperatable.swift */,
			);
			path = APIService;
			sourceTree = "<group>";
		};
		CDF544D943249E38CD05CEF55CD79DD9 /* Networking */ = {
			isa = PBXGroup;
			children = (
				C32A64FF9CC5CB2827AB694609B9EF5B /* APIService */,
				3BA11B6213846F8BB313807AA1099975 /* EndPoint */,
				E58BF8A5359B2B189A74A5D89AE41487 /* Error */,
				F49B57BD87D8173BAD41200031B07642 /* Extensions */,
				7B5751096601899D2F92D8720D4B5CD3 /* FirebaseModules */,
				80E655FEA28D86A161505362D68D5885 /* NetworkFactories */,
				4FB49271056E4486A3040856A77CEFEB /* NetworkModels */,
				962617AE65585D1417BF7A1E38E47F35 /* ResponseParser */,
				317CAFABE906B92BAF66FE8359949AD4 /* Utils */,
				1F701BB1E0EDA4AA4E3FD5492BA4C4A6 /* requestMaker */,
			);
			path = Networking;
			sourceTree = "<group>";
		};
		E58BF8A5359B2B189A74A5D89AE41487 /* Error */ = {
			isa = PBXGroup;
			children = (
				A9335B821F9481D430A4CA08BAFAAC79 /* Error.swift */,
			);
			path = Error;
			sourceTree = "<group>";
		};
		F2739ADAF5D2B40444D3E7D8B34A3F51 /* ServerAuth */ = {
			isa = PBXGroup;
			children = (
				E1A6A11AD20B51D7520BEF301D6021CB /* ServerAuth.swift */,
			);
			path = ServerAuth;
			sourceTree = "<group>";
		};
		F49B57BD87D8173BAD41200031B07642 /* Extensions */ = {
			isa = PBXGroup;
			children = (
				B6BE210C787F5574020BDC1AE5E304DF /* URL+.swift */,
				D2066CF1F1F20F363BF4B7C00618BE98 /* URLResponse+.swift */,
			);
			path = Extensions;
			sourceTree = "<group>";
		};
/* End PBXGroup section */

/* Begin PBXNativeTarget section */
		2908041E6EB8D2351D82D158BB518FD6 /* BeBravUnitTests */ = {
			isa = PBXNativeTarget;
			buildConfigurationList = BA813AC3A17F93BBA13E80D616F30521 /* Build configuration list for PBXNativeTarget "BeBravUnitTests" */;
			buildPhases = (
				E0A5FE649D93A38B7C12DF4F1F9AFC25 /* Sources */,
				6267DC440BAD93277067EB9E10CB50D7 /* Frameworks */,
				E76F0A02A83BE54E5C0AB65ED7FAFA99 /* Resources */,
			);
			buildRules = (
			);
			dependencies = (
				F11FB440E03150D2CAD7AB4398187D60 /* PBXTargetDependency */,
			);
			name = BeBravUnitTests;
			productName = BeBravUnitTests;
			productReference = 926F3EA2607F67AF8410EAF1374AE908 /* BeBravUnitTests.xctest */;
			productType = "com.apple.product-type.bundle.unit-test";
		};
		EE61BE386E63B40F421A4E4C91040822 /* BeBrav */ = {
			isa = PBXNativeTarget;
			buildConfigurationList = 94D9DAF124B4628CE23F348C0A2BB75B /* Build configuration list for PBXNativeTarget "BeBrav" */;
			buildPhases = (
				47DBFA2BBEEF4BE030DF07DAD01B99EE /* Sources */,
				6B7D302F71B8400B14119A6BD755BEEF /* Frameworks */,
				7C6157751A3E6CF8F533B1B201773D0A /* Resources */,
			);
			buildRules = (
			);
			dependencies = (
			);
			name = BeBrav;
			productName = BeBrav;
			productReference = D6FEC244DAF9284C10C26BEF1CC66DB2 /* BeBrav.app */;
			productType = "com.apple.product-type.application";
		};
/* End PBXNativeTarget section */

/* Begin PBXProject section */
		AC48AED89DFDBB715861FF1B365E3DAE /* Project object */ = {
			isa = PBXProject;
			attributes = {
				LastSwiftUpdateCheck = 1010;
				LastUpgradeCheck = 1010;
				ORGANIZATIONNAME = bumslap;
				TargetAttributes = {
					2908041E6EB8D2351D82D158BB518FD6 = {
						CreatedOnToolsVersion = 10.1;
						TestTargetID = EE61BE386E63B40F421A4E4C91040822;
					};
					EE61BE386E63B40F421A4E4C91040822 = {
						CreatedOnToolsVersion = 10.1;
					};
				};
			};
			buildConfigurationList = 164BD1AFF5DCC5EE4E1689C2583B7F00 /* Build configuration list for PBXProject "BeBrav" */;
			compatibilityVersion = "Xcode 9.3";
			developmentRegion = en;
			hasScannedForEncodings = 0;
			knownRegions = (
				en,
				Base,
			);
			mainGroup = B97F28A7EE8C7E4A8E37852868F25E8A;
			productRefGroup = 1B1B1376FAF23596F96B6198BBDDEEA9 /* Products */;
			projectDirPath = "";
			projectRoot = "";
			targets = (
				EE61BE386E63B40F421A4E4C91040822 /* BeBrav */,
				2908041E6EB8D2351D82D158BB518FD6 /* BeBravUnitTests */,
			);
		};
/* End PBXProject section */

/* Begin PBXResourcesBuildPhase section */
		7C6157751A3E6CF8F533B1B201773D0A /* Resources */ = {
			isa = PBXResourcesBuildPhase;
			buildActionMask = 2147483647;
			files = (
				005B0D7767364EE83142010AAE3F25CF /* Assets.xcassets in Resources */,
			);
			runOnlyForDeploymentPostprocessing = 0;
		};
		E76F0A02A83BE54E5C0AB65ED7FAFA99 /* Resources */ = {
			isa = PBXResourcesBuildPhase;
			buildActionMask = 2147483647;
			files = (
			);
			runOnlyForDeploymentPostprocessing = 0;
		};
/* End PBXResourcesBuildPhase section */

/* Begin PBXSourcesBuildPhase section */
		47DBFA2BBEEF4BE030DF07DAD01B99EE /* Sources */ = {
			isa = PBXSourcesBuildPhase;
			buildActionMask = 2147483647;
			files = (
				1C10746637F03C86A4A08D99171A4D14 /* AppDelegate.swift in Sources */,
				193183B44F7BF93BABED85C19808D00F /* Dispatchable.swift in Sources */,
				CBB944BB76BBBFCCAA3E70C60F5273EE /* Dispatcher.swift in Sources */,
				EFC397362B6F678BE5DBAA5B5E9B1B70 /* Error.swift in Sources */,
				445A16B3DE66210EC82D0D24F7B77BD6 /* ExampleViewController.swift in Sources */,
				1761759E0A784D4019F0F0ADA7165DBE /* FirebaseEndPoint.swift in Sources */,
				BD7D2D4817051FD269482ABD07BC468B /* FirebaseService.swift in Sources */,
				1FF585F0DA726CE41765B5651F59C5AD /* HTTPMethod.swift in Sources */,
				11B2A89136452CDB60899F172D63E348 /* ImageSort.swift in Sources */,
				D9AD3A8FFAA069AEC6C87F2B24E16C48 /* JsonParser.swift in Sources */,
				470F3DFED7046210196C2397BC4795A4 /* MockDataTask.swift in Sources */,
				170E900761989D47E5BB3B725C200221 /* MockSession.swift in Sources */,
				C555EECF43C0FF0F08C7062638A37D8E /* NetworkDependencyContainer.swift in Sources */,
				26B556129939A8E80D5949BC9F7EB8D2 /* NetworkFactory.swift in Sources */,
				EE3FC266079737BC699DC02C7758C9BF /* NetworkModel.swift in Sources */,
				93EA24BFD13FD0BDCC87CEE5FE57634D /* NetworkSeparator.swift in Sources */,
				F4A20BE4EE62965C72D3FBD0E0839EB2 /* NetworkSeperatable.swift in Sources */,
				A1D9FC159C7C4D21BF48DF513EE8159A /* RequestMakable.swift in Sources */,
				D5E0E92666F7A8F144234B74051B8C24 /* RequestMaker.swift in Sources */,
				ECEB41672F04A060864978000F897BBD /* ResponseParser.swift in Sources */,
				C7F65DA760AB4BFDF3C89402698452F0 /* ServerAuth.swift in Sources */,
				7C8136055A88A34843E3B6908195FFA4 /* ServerDatabase.swift in Sources */,
				671DD616ED33028D0057BA2412CDC168 /* ServerStorage.swift in Sources */,
				60D1D55217130439BD31D130051FCC38 /* URL+.swift in Sources */,
				77661E629E877953849B26F0C6AEFF47 /* URLResponse+.swift in Sources */,
				B3E804D49883A8489854115DA9F90B21 /* URLSessionProtocol.swift in Sources */,
				4706E079655357F5EA36071F63D288F0 /* URLSessionTaskProtocol.swift in Sources */,
			);
			runOnlyForDeploymentPostprocessing = 0;
		};
		E0A5FE649D93A38B7C12DF4F1F9AFC25 /* Sources */ = {
			isa = PBXSourcesBuildPhase;
			buildActionMask = 2147483647;
			files = (
				5FDAA1790C83B8B32FC46DF8456AD4C0 /* BeBravUnitTests.swift in Sources */,
			);
			runOnlyForDeploymentPostprocessing = 0;
		};
/* End PBXSourcesBuildPhase section */

/* Begin PBXTargetDependency section */
		F11FB440E03150D2CAD7AB4398187D60 /* PBXTargetDependency */ = {
			isa = PBXTargetDependency;
			target = EE61BE386E63B40F421A4E4C91040822 /* BeBrav */;
			targetProxy = FB59B1A154BEBEC446128654629A953D /* PBXContainerItemProxy */;
		};
/* End PBXTargetDependency section */

/* Begin XCBuildConfiguration section */
		1B45A78D3A1D5E8367063D4FA86C5C47 /* Release */ = {
			isa = XCBuildConfiguration;
			buildSettings = {
				BUNDLE_LOADER = "$(TEST_HOST)";
				CODE_SIGN_STYLE = Automatic;
				INFOPLIST_FILE = BeBravUnitTests/Info.plist;
				LD_RUNPATH_SEARCH_PATHS = (
					"$(inherited)",
					"@executable_path/Frameworks",
					"@loader_path/Frameworks",
				);
				PRODUCT_BUNDLE_IDENTIFIER = bumslap.com.BeBravUnitTests;
				PRODUCT_NAME = "$(TARGET_NAME)";
				SWIFT_VERSION = 4.2;
				TARGETED_DEVICE_FAMILY = "1,2";
				TEST_HOST = "$(BUILT_PRODUCTS_DIR)/BeBrav.app/BeBrav";
			};
			name = Release;
		};
		3E7AAF5739FFC3E7C03782B43FE504E9 /* Debug */ = {
			isa = XCBuildConfiguration;
			buildSettings = {
				ALWAYS_SEARCH_USER_PATHS = NO;
				CLANG_ANALYZER_LOCALIZABILITY_NONLOCALIZED = YES;
				CLANG_ANALYZER_NONNULL = YES;
				CLANG_ANALYZER_NUMBER_OBJECT_CONVERSION = YES_AGGRESSIVE;
				CLANG_CXX_LANGUAGE_STANDARD = "gnu++14";
				CLANG_CXX_LIBRARY = "libc++";
				CLANG_ENABLE_MODULES = YES;
				CLANG_ENABLE_OBJC_ARC = YES;
				CLANG_ENABLE_OBJC_WEAK = YES;
				CLANG_WARN_BLOCK_CAPTURE_AUTORELEASING = YES;
				CLANG_WARN_BOOL_CONVERSION = YES;
				CLANG_WARN_COMMA = YES;
				CLANG_WARN_CONSTANT_CONVERSION = YES;
				CLANG_WARN_DEPRECATED_OBJC_IMPLEMENTATIONS = YES;
				CLANG_WARN_DIRECT_OBJC_ISA_USAGE = YES_ERROR;
				CLANG_WARN_DOCUMENTATION_COMMENTS = YES;
				CLANG_WARN_EMPTY_BODY = YES;
				CLANG_WARN_ENUM_CONVERSION = YES;
				CLANG_WARN_INFINITE_RECURSION = YES;
				CLANG_WARN_INT_CONVERSION = YES;
				CLANG_WARN_NON_LITERAL_NULL_CONVERSION = YES;
				CLANG_WARN_OBJC_IMPLICIT_RETAIN_SELF = YES;
				CLANG_WARN_OBJC_LITERAL_CONVERSION = YES;
				CLANG_WARN_OBJC_ROOT_CLASS = YES_ERROR;
				CLANG_WARN_RANGE_LOOP_ANALYSIS = YES;
				CLANG_WARN_STRICT_PROTOTYPES = YES;
				CLANG_WARN_SUSPICIOUS_MOVE = YES;
				CLANG_WARN_UNGUARDED_AVAILABILITY = YES_AGGRESSIVE;
				CLANG_WARN_UNREACHABLE_CODE = YES;
				CLANG_WARN__DUPLICATE_METHOD_MATCH = YES;
				CODE_SIGN_IDENTITY = "iPhone Developer";
				COPY_PHASE_STRIP = NO;
				DEBUG_INFORMATION_FORMAT = dwarf;
				ENABLE_STRICT_OBJC_MSGSEND = YES;
				ENABLE_TESTABILITY = YES;
				GCC_C_LANGUAGE_STANDARD = gnu11;
				GCC_DYNAMIC_NO_PIC = NO;
				GCC_NO_COMMON_BLOCKS = YES;
				GCC_OPTIMIZATION_LEVEL = 0;
				GCC_PREPROCESSOR_DEFINITIONS = (
					"DEBUG=1",
					"$(inherited)",
				);
				GCC_WARN_64_TO_32_BIT_CONVERSION = YES;
				GCC_WARN_ABOUT_RETURN_TYPE = YES_ERROR;
				GCC_WARN_UNDECLARED_SELECTOR = YES;
				GCC_WARN_UNINITIALIZED_AUTOS = YES_AGGRESSIVE;
				GCC_WARN_UNUSED_FUNCTION = YES;
				GCC_WARN_UNUSED_VARIABLE = YES;
				IPHONEOS_DEPLOYMENT_TARGET = 12.1;
				MTL_ENABLE_DEBUG_INFO = INCLUDE_SOURCE;
				MTL_FAST_MATH = YES;
				ONLY_ACTIVE_ARCH = YES;
				SDKROOT = iphoneos;
				SWIFT_ACTIVE_COMPILATION_CONDITIONS = DEBUG;
				SWIFT_OPTIMIZATION_LEVEL = "-Onone";
			};
			name = Debug;
		};
		597A6B1B518A443BF577A43A32822E2F /* Debug */ = {
			isa = XCBuildConfiguration;
			buildSettings = {
				BUNDLE_LOADER = "$(TEST_HOST)";
				CODE_SIGN_STYLE = Automatic;
				INFOPLIST_FILE = BeBravUnitTests/Info.plist;
				LD_RUNPATH_SEARCH_PATHS = (
					"$(inherited)",
					"@executable_path/Frameworks",
					"@loader_path/Frameworks",
				);
				PRODUCT_BUNDLE_IDENTIFIER = bumslap.com.BeBravUnitTests;
				PRODUCT_NAME = "$(TARGET_NAME)";
				SWIFT_VERSION = 4.2;
				TARGETED_DEVICE_FAMILY = "1,2";
				TEST_HOST = "$(BUILT_PRODUCTS_DIR)/BeBrav.app/BeBrav";
			};
			name = Debug;
		};
		7753C088B4A3F3334ADC7C81849AD0D4 /* Debug */ = {
			isa = XCBuildConfiguration;
			buildSettings = {
				ASSETCATALOG_COMPILER_APPICON_NAME = AppIcon;
				CODE_SIGN_STYLE = Automatic;
				DEVELOPMENT_TEAM = CMXKRM464P;
				INFOPLIST_FILE = BeBrav/Info.plist;
				LD_RUNPATH_SEARCH_PATHS = (
					"$(inherited)",
					"@executable_path/Frameworks",
				);
				PRODUCT_BUNDLE_IDENTIFIER = com.boostCamp.BeBrav;
				PRODUCT_NAME = "$(TARGET_NAME)";
				SWIFT_VERSION = 4.2;
				TARGETED_DEVICE_FAMILY = "1,2";
			};
			name = Debug;
		};
		78C98576BA51BB6701A1AE341D90124A /* Release */ = {
			isa = XCBuildConfiguration;
			buildSettings = {
				ALWAYS_SEARCH_USER_PATHS = NO;
				CLANG_ANALYZER_LOCALIZABILITY_NONLOCALIZED = YES;
				CLANG_ANALYZER_NONNULL = YES;
				CLANG_ANALYZER_NUMBER_OBJECT_CONVERSION = YES_AGGRESSIVE;
				CLANG_CXX_LANGUAGE_STANDARD = "gnu++14";
				CLANG_CXX_LIBRARY = "libc++";
				CLANG_ENABLE_MODULES = YES;
				CLANG_ENABLE_OBJC_ARC = YES;
				CLANG_ENABLE_OBJC_WEAK = YES;
				CLANG_WARN_BLOCK_CAPTURE_AUTORELEASING = YES;
				CLANG_WARN_BOOL_CONVERSION = YES;
				CLANG_WARN_COMMA = YES;
				CLANG_WARN_CONSTANT_CONVERSION = YES;
				CLANG_WARN_DEPRECATED_OBJC_IMPLEMENTATIONS = YES;
				CLANG_WARN_DIRECT_OBJC_ISA_USAGE = YES_ERROR;
				CLANG_WARN_DOCUMENTATION_COMMENTS = YES;
				CLANG_WARN_EMPTY_BODY = YES;
				CLANG_WARN_ENUM_CONVERSION = YES;
				CLANG_WARN_INFINITE_RECURSION = YES;
				CLANG_WARN_INT_CONVERSION = YES;
				CLANG_WARN_NON_LITERAL_NULL_CONVERSION = YES;
				CLANG_WARN_OBJC_IMPLICIT_RETAIN_SELF = YES;
				CLANG_WARN_OBJC_LITERAL_CONVERSION = YES;
				CLANG_WARN_OBJC_ROOT_CLASS = YES_ERROR;
				CLANG_WARN_RANGE_LOOP_ANALYSIS = YES;
				CLANG_WARN_STRICT_PROTOTYPES = YES;
				CLANG_WARN_SUSPICIOUS_MOVE = YES;
				CLANG_WARN_UNGUARDED_AVAILABILITY = YES_AGGRESSIVE;
				CLANG_WARN_UNREACHABLE_CODE = YES;
				CLANG_WARN__DUPLICATE_METHOD_MATCH = YES;
				CODE_SIGN_IDENTITY = "iPhone Developer";
				COPY_PHASE_STRIP = NO;
				DEBUG_INFORMATION_FORMAT = "dwarf-with-dsym";
				ENABLE_NS_ASSERTIONS = NO;
				ENABLE_STRICT_OBJC_MSGSEND = YES;
				GCC_C_LANGUAGE_STANDARD = gnu11;
				GCC_NO_COMMON_BLOCKS = YES;
				GCC_WARN_64_TO_32_BIT_CONVERSION = YES;
				GCC_WARN_ABOUT_RETURN_TYPE = YES_ERROR;
				GCC_WARN_UNDECLARED_SELECTOR = YES;
				GCC_WARN_UNINITIALIZED_AUTOS = YES_AGGRESSIVE;
				GCC_WARN_UNUSED_FUNCTION = YES;
				GCC_WARN_UNUSED_VARIABLE = YES;
				IPHONEOS_DEPLOYMENT_TARGET = 12.1;
				MTL_ENABLE_DEBUG_INFO = NO;
				MTL_FAST_MATH = YES;
				SDKROOT = iphoneos;
				SWIFT_COMPILATION_MODE = wholemodule;
				SWIFT_OPTIMIZATION_LEVEL = "-O";
				VALIDATE_PRODUCT = YES;
			};
			name = Release;
		};
		A75AC4CC3D5BCAA8F704F35ABA83D326 /* Release */ = {
			isa = XCBuildConfiguration;
			buildSettings = {
				ASSETCATALOG_COMPILER_APPICON_NAME = AppIcon;
				CODE_SIGN_STYLE = Automatic;
				DEVELOPMENT_TEAM = CMXKRM464P;
				INFOPLIST_FILE = BeBrav/Info.plist;
				LD_RUNPATH_SEARCH_PATHS = (
					"$(inherited)",
					"@executable_path/Frameworks",
				);
				PRODUCT_BUNDLE_IDENTIFIER = com.boostCamp.BeBrav;
				PRODUCT_NAME = "$(TARGET_NAME)";
				SWIFT_VERSION = 4.2;
				TARGETED_DEVICE_FAMILY = "1,2";
			};
			name = Release;
		};
/* End XCBuildConfiguration section */

/* Begin XCConfigurationList section */
		164BD1AFF5DCC5EE4E1689C2583B7F00 /* Build configuration list for PBXProject "BeBrav" */ = {
			isa = XCConfigurationList;
			buildConfigurations = (
				3E7AAF5739FFC3E7C03782B43FE504E9 /* Debug */,
				78C98576BA51BB6701A1AE341D90124A /* Release */,
			);
			defaultConfigurationIsVisible = 0;
			defaultConfigurationName = Release;
		};
		94D9DAF124B4628CE23F348C0A2BB75B /* Build configuration list for PBXNativeTarget "BeBrav" */ = {
			isa = XCConfigurationList;
			buildConfigurations = (
				7753C088B4A3F3334ADC7C81849AD0D4 /* Debug */,
				A75AC4CC3D5BCAA8F704F35ABA83D326 /* Release */,
			);
			defaultConfigurationIsVisible = 0;
			defaultConfigurationName = Release;
		};
		BA813AC3A17F93BBA13E80D616F30521 /* Build configuration list for PBXNativeTarget "BeBravUnitTests" */ = {
			isa = XCConfigurationList;
			buildConfigurations = (
				597A6B1B518A443BF577A43A32822E2F /* Debug */,
				1B45A78D3A1D5E8367063D4FA86C5C47 /* Release */,
			);
			defaultConfigurationIsVisible = 0;
			defaultConfigurationName = Release;
		};
/* End XCConfigurationList section */
	};
	rootObject = AC48AED89DFDBB715861FF1B365E3DAE /* Project object */;
}
