// !$*UTF8*$!
{
	archiveVersion = 1;
	classes = {
	};
	objectVersion = 50;
	objects = {

/* Begin PBXBuildFile section */
		005B0D7767364EE83142010AAE3F25CF /* Assets.xcassets in Resources */ = {isa = PBXBuildFile; fileRef = 02616C4AB21A85C687C03458439E5FCE /* Assets.xcassets */; };
		0271249084FF828DD59E92BB9610540D /* URLSessionProtocol.swift in Sources */ = {isa = PBXBuildFile; fileRef = 891771D686E46D37CD4D3A7489CAC95C /* URLSessionProtocol.swift */; };
		055B20725DDF5BB291918B7E9BD9B88A /* FirebaseEndPoint.swift in Sources */ = {isa = PBXBuildFile; fileRef = 92011610F0CBDF804E47737086A8E867 /* FirebaseEndPoint.swift */; };
		05C2ABA52BB2AD1E628ADD348BBF99EC /* Dispatchable.swift in Sources */ = {isa = PBXBuildFile; fileRef = D2044F9CE1C06432BC4894740D0674C2 /* Dispatchable.swift */; };
		069818446D85D5562268D9ADD51CD0F7 /* RequestMaker.swift in Sources */ = {isa = PBXBuildFile; fileRef = 6CF6F17944EFC05B5D4489C630E0056C /* RequestMaker.swift */; };
		1233AB81CDBBA83FF416FAB509FADA1E /* ArtAddViewController.swift in Sources */ = {isa = PBXBuildFile; fileRef = 043E64F1220F434938CFF8A95304113B /* ArtAddViewController.swift */; };
		16F933495301CA4C742E35FB84B783E9 /* URLSessionTaskProtocol.swift in Sources */ = {isa = PBXBuildFile; fileRef = D323B7C06D055BB2E3FC043076DFC75C /* URLSessionTaskProtocol.swift */; };
		1C10746637F03C86A4A08D99171A4D14 /* AppDelegate.swift in Sources */ = {isa = PBXBuildFile; fileRef = 69A0A3ED2A0B8654815B50854C44633E /* AppDelegate.swift */; };
		26377EF3F421DA95B2E5C333D81A66C5 /* Artwork.swift in Sources */ = {isa = PBXBuildFile; fileRef = 9D19FF454B0882F38C1C746C9DC9EFD8 /* Artwork.swift */; };
		422EC39B0A5F41DF7CAA9376F6ADE96B /* ArtistDetailHeaderView.swift in Sources */ = {isa = PBXBuildFile; fileRef = 95456023B00B453E21B107A11A140CA5 /* ArtistDetailHeaderView.swift */; };
		42A0535864150D885710EA553D8E0A2D /* NetworkFactory.swift in Sources */ = {isa = PBXBuildFile; fileRef = BC9CE18B415226161E45D5801EE4BEEE /* NetworkFactory.swift */; };
		445A16B3DE66210EC82D0D24F7B77BD6 /* ExampleViewController.swift in Sources */ = {isa = PBXBuildFile; fileRef = 6EB856024BD68CAE8110ACFF92382570 /* ExampleViewController.swift */; };
		4D41570FCB25A68B3E86B51D3F1A56FE /* PhotoListHeaderCollectionReusableView.swift in Sources */ = {isa = PBXBuildFile; fileRef = C5D4B5EDE9A5800D635DFB10F3B574E5 /* PhotoListHeaderCollectionReusableView.swift */; };
		5FDAA1790C83B8B32FC46DF8456AD4C0 /* BeBravUnitTests.swift in Sources */ = {isa = PBXBuildFile; fileRef = DC6AB31456A5D684D0087292DEF0967C /* BeBravUnitTests.swift */; };
		6036F80446995F40FAF6ADF6891F6628 /* ServerAuth.swift in Sources */ = {isa = PBXBuildFile; fileRef = 55BB6CDE054DD8ACC816E8EC949B7C1F /* ServerAuth.swift */; };
		61054ABA347AD577B1CDB45D85F04BE5 /* MainAutoResizingCollectionViewController.swift in Sources */ = {isa = PBXBuildFile; fileRef = 4FD35884C27E31E20D35E71DBE18AD33 /* MainAutoResizingCollectionViewController.swift */; };
		629FE086E967301875C02AFB1AC9D620 /* Dispatcher.swift in Sources */ = {isa = PBXBuildFile; fileRef = 64957DB209F471C5FBA74824EE5FA038 /* Dispatcher.swift */; };
		63C9D5B463A61879CCDC7D659457D18B /* Error.swift in Sources */ = {isa = PBXBuildFile; fileRef = 0C155042BBAB2EBC2C17EE5971B95C98 /* Error.swift */; };
		78CED76E7C3176EEE878744482290F4B /* FileManagerStub.swift in Sources */ = {isa = PBXBuildFile; fileRef = 8BA29AB727D140413F10F7634A4B161D /* FileManagerStub.swift */; };
		7B2A32ACA4789A542C87A4281D352448 /* URLResponse+.swift in Sources */ = {isa = PBXBuildFile; fileRef = DC2B5E67586BFF4520F06AC8995B0722 /* URLResponse+.swift */; };
		7F9ABC3DEE881648D6E3100E2A463EE7 /* ServerStorage.swift in Sources */ = {isa = PBXBuildFile; fileRef = 9A9DBF17A867215EC651CD62E4CCB45E /* ServerStorage.swift */; };
		7FE7D462F19A9C039E2EE04CAA0A9EFF /* ServerDatabase.swift in Sources */ = {isa = PBXBuildFile; fileRef = 9887D1F0DB948BE7109D35E4F8F6EBA0 /* ServerDatabase.swift */; };
		83C50A133091BF50F121C0A047A2219C /* ArtworkViewController.swift in Sources */ = {isa = PBXBuildFile; fileRef = B5222EF608F2264D56B76B3438472BEB /* ArtworkViewController.swift */; };
		8CE7E1588ABA6187F67007948F01786C /* RequestMakable.swift in Sources */ = {isa = PBXBuildFile; fileRef = AACEF7FEA9E405E751D3D56D76B39136 /* RequestMakable.swift */; };
		97F788816DE40F8FF9AC45AC30DE7126 /* URL+.swift in Sources */ = {isa = PBXBuildFile; fileRef = 0A8F61C7BB2E878A2478910D1FF3763B /* URL+.swift */; };
		992ACBE6107CFBA8A352D829DB0E7ABA /* HTTPMethod.swift in Sources */ = {isa = PBXBuildFile; fileRef = 0D2A6BB047EAC83D31A5FCAC1DAF4DE2 /* HTTPMethod.swift */; };
		9ED89D9162DE88CA1F08C7A9DA3B8242 /* FirebaseService.swift in Sources */ = {isa = PBXBuildFile; fileRef = 1C86CE1D6F867A42E8B2C1672A17EF42 /* FirebaseService.swift */; };
		A11223745E1B183CC8489CC052DA65D9 /* PaginatingViewControllerPresentAnimator.swift in Sources */ = {isa = PBXBuildFile; fileRef = 95A21773E8CCECC3E01FC9FF5E994DBD /* PaginatingViewControllerPresentAnimator.swift */; };
		A3AD577C0F10A94E92457A3E811374CA /* AutoResizingCollecionViewModel.swift in Sources */ = {isa = PBXBuildFile; fileRef = 1EF2A0ED4772009372332E23C0133FE5 /* AutoResizingCollecionViewModel.swift */; };
		A8C4E2E80B2D98D89ECEE57DE0DF905E /* DiskCacheProtocol.swift in Sources */ = {isa = PBXBuildFile; fileRef = 2E35EF5638986F5B75335F81734490E9 /* DiskCacheProtocol.swift */; };
		AD04133C229C107735462E39A4A375B0 /* ArtistViewController.swift in Sources */ = {isa = PBXBuildFile; fileRef = 246006B460246CD2BAC67C717ADBEBA8 /* ArtistViewController.swift */; };
		B82E87178F7D9CCC5645794B97758A28 /* FileManagerProtocol.swift in Sources */ = {isa = PBXBuildFile; fileRef = 1285B46C1A38F8A4E0F61F4FCE712C01 /* FileManagerProtocol.swift */; };
		BC1C7386E4F30C360F4B24BC0DC931E3 /* Int+.swift in Sources */ = {isa = PBXBuildFile; fileRef = EB3DA7E9F937A8B11C3F4E6F3A497267 /* Int+.swift */; };
		BF087814FE56B85B9D3D75958CD60E5B /* JsonParser.swift in Sources */ = {isa = PBXBuildFile; fileRef = 480DA08DCE13F448CEC37E36C5D12332 /* JsonParser.swift */; };
		C6A810DE2CEB3673D8F1910EC7DF982D /* SQLiteDatabaseProtocol.swift in Sources */ = {isa = PBXBuildFile; fileRef = 2851E888CFFD59116FA629E2F344F668 /* SQLiteDatabaseProtocol.swift */; };
		C7FE81959E804D2CCAF18A1DEF05EE35 /* MockDataTask.swift in Sources */ = {isa = PBXBuildFile; fileRef = 647910DED3DD0A9AAEE9B5084EF998FF /* MockDataTask.swift */; };
		CA4966938FE397217278B2F57E30AF75 /* NetworkDependencyContainer.swift in Sources */ = {isa = PBXBuildFile; fileRef = D98CDC56DD0583A2D4A0C1E7FEAC492A /* NetworkDependencyContainer.swift */; };
		CC3662985B7CEEEE359E38BC36C0DA4C /* SQLiteDatabaseStub.swift in Sources */ = {isa = PBXBuildFile; fileRef = DE797299AF89591F326E15764C1FD44F /* SQLiteDatabaseStub.swift */; };
		CE9EF046EE3B691025493D118DD2E2A7 /* MockSession.swift in Sources */ = {isa = PBXBuildFile; fileRef = 63799CA19F8EA6CCDE340FAFEECD7D85 /* MockSession.swift */; };
		D82B19EA31F2FC74D8AF3E4F3B145C1D /* NetworkModel.swift in Sources */ = {isa = PBXBuildFile; fileRef = AA38CA42B34BC6CB919B0885B4211270 /* NetworkModel.swift */; };
		E1FC68BC9E358FBE460BC5DD66A99705 /* PhotoListCollectionViewCell.swift in Sources */ = {isa = PBXBuildFile; fileRef = 0A9EA216BEF1D6C5956D1585A3EEA17B /* PhotoListCollectionViewCell.swift */; };
		E2359D6E25A2B79182D53947E517B7DB /* NetworkSeperatable.swift in Sources */ = {isa = PBXBuildFile; fileRef = F4189D1BC048CDBA568A72B92A407DC7 /* NetworkSeperatable.swift */; };
		EA78EFD9160665DA85CAF97258DAC0C8 /* MainAutoResizingCollectionViewCell.swift in Sources */ = {isa = PBXBuildFile; fileRef = EFF9E1C28BF829AF02CAC32895B9A138 /* MainAutoResizingCollectionViewCell.swift */; };
		EF546B8D3F597DB330B48A43270328F9 /* ResponseParser.swift in Sources */ = {isa = PBXBuildFile; fileRef = 23EF2EC595B253068238A8C0BF112319 /* ResponseParser.swift */; };
		F21FE802E189D867C530B644ECC7CE02 /* MostViewedArtworkDelegate.swift in Sources */ = {isa = PBXBuildFile; fileRef = 4C98D7AA1D107754EB075E95C3F7EB08 /* MostViewedArtworkDelegate.swift */; };
		F6DF953343175B3F542310331596B604 /* SQLiteDatabase.swift in Sources */ = {isa = PBXBuildFile; fileRef = 803D284F9C90EFA9404E2B83501FB0F9 /* SQLiteDatabase.swift */; };
		F768BDF216682A14A45F2C5DB9D10F93 /* NetworkSeparator.swift in Sources */ = {isa = PBXBuildFile; fileRef = CA47ECEE105E82B73256B25A70B2F0E8 /* NetworkSeparator.swift */; };
/* End PBXBuildFile section */

/* Begin PBXContainerItemProxy section */
		FB59B1A154BEBEC446128654629A953D /* PBXContainerItemProxy */ = {
			isa = PBXContainerItemProxy;
			containerPortal = AC48AED89DFDBB715861FF1B365E3DAE /* Project object */;
			proxyType = 1;
			remoteGlobalIDString = EE61BE386E63B40F421A4E4C91040822;
			remoteInfo = BeBrav;
		};
/* End PBXContainerItemProxy section */

/* Begin PBXFileReference section */
		02616C4AB21A85C687C03458439E5FCE /* Assets.xcassets */ = {isa = PBXFileReference; lastKnownFileType = folder.assetcatalog; path = Assets.xcassets; sourceTree = "<group>"; };
		043E64F1220F434938CFF8A95304113B /* ArtAddViewController.swift */ = {isa = PBXFileReference; fileEncoding = 4; lastKnownFileType = sourcecode.swift; name = ArtAddViewController.swift; path = BeBrav/ViewControllers/ArtAddViewController/ArtAddViewController.swift; sourceTree = SOURCE_ROOT; };
		0A8F61C7BB2E878A2478910D1FF3763B /* URL+.swift */ = {isa = PBXFileReference; lastKnownFileType = sourcecode.swift; path = "URL+.swift"; sourceTree = "<group>"; };
		0A9EA216BEF1D6C5956D1585A3EEA17B /* PhotoListCollectionViewCell.swift */ = {isa = PBXFileReference; fileEncoding = 4; lastKnownFileType = sourcecode.swift; path = PhotoListCollectionViewCell.swift; sourceTree = "<group>"; };
		0C155042BBAB2EBC2C17EE5971B95C98 /* Error.swift */ = {isa = PBXFileReference; fileEncoding = 4; lastKnownFileType = sourcecode.swift; path = Error.swift; sourceTree = "<group>"; };
		0D2A6BB047EAC83D31A5FCAC1DAF4DE2 /* HTTPMethod.swift */ = {isa = PBXFileReference; lastKnownFileType = sourcecode.swift; path = HTTPMethod.swift; sourceTree = "<group>"; };
		1285B46C1A38F8A4E0F61F4FCE712C01 /* FileManagerProtocol.swift */ = {isa = PBXFileReference; fileEncoding = 4; lastKnownFileType = sourcecode.swift; path = FileManagerProtocol.swift; sourceTree = "<group>"; };
		1C86CE1D6F867A42E8B2C1672A17EF42 /* FirebaseService.swift */ = {isa = PBXFileReference; lastKnownFileType = sourcecode.swift; path = FirebaseService.swift; sourceTree = "<group>"; };
		1EF2A0ED4772009372332E23C0133FE5 /* AutoResizingCollecionViewModel.swift */ = {isa = PBXFileReference; fileEncoding = 4; lastKnownFileType = sourcecode.swift; path = AutoResizingCollecionViewModel.swift; sourceTree = "<group>"; };
		23EF2EC595B253068238A8C0BF112319 /* ResponseParser.swift */ = {isa = PBXFileReference; lastKnownFileType = sourcecode.swift; path = ResponseParser.swift; sourceTree = "<group>"; };
		246006B460246CD2BAC67C717ADBEBA8 /* ArtistViewController.swift */ = {isa = PBXFileReference; fileEncoding = 4; lastKnownFileType = sourcecode.swift; path = ArtistViewController.swift; sourceTree = "<group>"; };
		2851E888CFFD59116FA629E2F344F668 /* SQLiteDatabaseProtocol.swift */ = {isa = PBXFileReference; fileEncoding = 4; lastKnownFileType = sourcecode.swift; path = SQLiteDatabaseProtocol.swift; sourceTree = "<group>"; };
		2E35EF5638986F5B75335F81734490E9 /* DiskCacheProtocol.swift */ = {isa = PBXFileReference; fileEncoding = 4; lastKnownFileType = sourcecode.swift; path = DiskCacheProtocol.swift; sourceTree = "<group>"; };
		359BD64513138B2A7F79B192779A1FBF /* Info.plist */ = {isa = PBXFileReference; lastKnownFileType = text.plist.xml; path = Info.plist; sourceTree = "<group>"; };
		480DA08DCE13F448CEC37E36C5D12332 /* JsonParser.swift */ = {isa = PBXFileReference; lastKnownFileType = sourcecode.swift; path = JsonParser.swift; sourceTree = "<group>"; };
		4C98D7AA1D107754EB075E95C3F7EB08 /* MostViewedArtworkDelegate.swift */ = {isa = PBXFileReference; fileEncoding = 4; lastKnownFileType = sourcecode.swift; path = MostViewedArtworkDelegate.swift; sourceTree = "<group>"; };
		4FD35884C27E31E20D35E71DBE18AD33 /* MainAutoResizingCollectionViewController.swift */ = {isa = PBXFileReference; fileEncoding = 4; lastKnownFileType = sourcecode.swift; path = MainAutoResizingCollectionViewController.swift; sourceTree = "<group>"; };
		55BB6CDE054DD8ACC816E8EC949B7C1F /* ServerAuth.swift */ = {isa = PBXFileReference; lastKnownFileType = sourcecode.swift; path = ServerAuth.swift; sourceTree = "<group>"; };
		63799CA19F8EA6CCDE340FAFEECD7D85 /* MockSession.swift */ = {isa = PBXFileReference; lastKnownFileType = sourcecode.swift; path = MockSession.swift; sourceTree = "<group>"; };
		647910DED3DD0A9AAEE9B5084EF998FF /* MockDataTask.swift */ = {isa = PBXFileReference; lastKnownFileType = sourcecode.swift; path = MockDataTask.swift; sourceTree = "<group>"; };
		64957DB209F471C5FBA74824EE5FA038 /* Dispatcher.swift */ = {isa = PBXFileReference; lastKnownFileType = sourcecode.swift; path = Dispatcher.swift; sourceTree = "<group>"; };
		69A0A3ED2A0B8654815B50854C44633E /* AppDelegate.swift */ = {isa = PBXFileReference; lastKnownFileType = sourcecode.swift; path = AppDelegate.swift; sourceTree = "<group>"; };
		6CF6F17944EFC05B5D4489C630E0056C /* RequestMaker.swift */ = {isa = PBXFileReference; lastKnownFileType = sourcecode.swift; path = RequestMaker.swift; sourceTree = "<group>"; };
		6EB856024BD68CAE8110ACFF92382570 /* ExampleViewController.swift */ = {isa = PBXFileReference; lastKnownFileType = sourcecode.swift; path = ExampleViewController.swift; sourceTree = "<group>"; };
		803D284F9C90EFA9404E2B83501FB0F9 /* SQLiteDatabase.swift */ = {isa = PBXFileReference; fileEncoding = 4; lastKnownFileType = sourcecode.swift; path = SQLiteDatabase.swift; sourceTree = "<group>"; };
		891771D686E46D37CD4D3A7489CAC95C /* URLSessionProtocol.swift */ = {isa = PBXFileReference; lastKnownFileType = sourcecode.swift; path = URLSessionProtocol.swift; sourceTree = "<group>"; };
		8BA29AB727D140413F10F7634A4B161D /* FileManagerStub.swift */ = {isa = PBXFileReference; fileEncoding = 4; lastKnownFileType = sourcecode.swift; path = FileManagerStub.swift; sourceTree = "<group>"; };
		92011610F0CBDF804E47737086A8E867 /* FirebaseEndPoint.swift */ = {isa = PBXFileReference; lastKnownFileType = sourcecode.swift; path = FirebaseEndPoint.swift; sourceTree = "<group>"; };
		926F3EA2607F67AF8410EAF1374AE908 /* BeBravUnitTests.xctest */ = {isa = PBXFileReference; explicitFileType = wrapper.cfbundle; includeInIndex = 0; path = BeBravUnitTests.xctest; sourceTree = BUILT_PRODUCTS_DIR; };
		95456023B00B453E21B107A11A140CA5 /* ArtistDetailHeaderView.swift */ = {isa = PBXFileReference; fileEncoding = 4; lastKnownFileType = sourcecode.swift; path = ArtistDetailHeaderView.swift; sourceTree = "<group>"; };
		95A21773E8CCECC3E01FC9FF5E994DBD /* PaginatingViewControllerPresentAnimator.swift */ = {isa = PBXFileReference; lastKnownFileType = sourcecode.swift; path = PaginatingViewControllerPresentAnimator.swift; sourceTree = "<group>"; };
		9887D1F0DB948BE7109D35E4F8F6EBA0 /* ServerDatabase.swift */ = {isa = PBXFileReference; lastKnownFileType = sourcecode.swift; path = ServerDatabase.swift; sourceTree = "<group>"; };
		9A9DBF17A867215EC651CD62E4CCB45E /* ServerStorage.swift */ = {isa = PBXFileReference; lastKnownFileType = sourcecode.swift; path = ServerStorage.swift; sourceTree = "<group>"; };
		9D19FF454B0882F38C1C746C9DC9EFD8 /* Artwork.swift */ = {isa = PBXFileReference; fileEncoding = 4; lastKnownFileType = sourcecode.swift; path = Artwork.swift; sourceTree = "<group>"; };
		AA38CA42B34BC6CB919B0885B4211270 /* NetworkModel.swift */ = {isa = PBXFileReference; lastKnownFileType = sourcecode.swift; path = NetworkModel.swift; sourceTree = "<group>"; };
		AACEF7FEA9E405E751D3D56D76B39136 /* RequestMakable.swift */ = {isa = PBXFileReference; lastKnownFileType = sourcecode.swift; path = RequestMakable.swift; sourceTree = "<group>"; };
		B5222EF608F2264D56B76B3438472BEB /* ArtworkViewController.swift */ = {isa = PBXFileReference; fileEncoding = 4; lastKnownFileType = sourcecode.swift; path = ArtworkViewController.swift; sourceTree = "<group>"; };
		BC9CE18B415226161E45D5801EE4BEEE /* NetworkFactory.swift */ = {isa = PBXFileReference; lastKnownFileType = sourcecode.swift; path = NetworkFactory.swift; sourceTree = "<group>"; };
		C5D4B5EDE9A5800D635DFB10F3B574E5 /* PhotoListHeaderCollectionReusableView.swift */ = {isa = PBXFileReference; fileEncoding = 4; lastKnownFileType = sourcecode.swift; path = PhotoListHeaderCollectionReusableView.swift; sourceTree = "<group>"; };
		CA47ECEE105E82B73256B25A70B2F0E8 /* NetworkSeparator.swift */ = {isa = PBXFileReference; lastKnownFileType = sourcecode.swift; path = NetworkSeparator.swift; sourceTree = "<group>"; };
		D2044F9CE1C06432BC4894740D0674C2 /* Dispatchable.swift */ = {isa = PBXFileReference; lastKnownFileType = sourcecode.swift; path = Dispatchable.swift; sourceTree = "<group>"; };
		D323B7C06D055BB2E3FC043076DFC75C /* URLSessionTaskProtocol.swift */ = {isa = PBXFileReference; lastKnownFileType = sourcecode.swift; path = URLSessionTaskProtocol.swift; sourceTree = "<group>"; };
		D6FEC244DAF9284C10C26BEF1CC66DB2 /* BeBrav.app */ = {isa = PBXFileReference; explicitFileType = wrapper.application; includeInIndex = 0; path = BeBrav.app; sourceTree = BUILT_PRODUCTS_DIR; };
		D98CDC56DD0583A2D4A0C1E7FEAC492A /* NetworkDependencyContainer.swift */ = {isa = PBXFileReference; lastKnownFileType = sourcecode.swift; path = NetworkDependencyContainer.swift; sourceTree = "<group>"; };
		DC2B5E67586BFF4520F06AC8995B0722 /* URLResponse+.swift */ = {isa = PBXFileReference; lastKnownFileType = sourcecode.swift; path = "URLResponse+.swift"; sourceTree = "<group>"; };
		DC6AB31456A5D684D0087292DEF0967C /* BeBravUnitTests.swift */ = {isa = PBXFileReference; lastKnownFileType = sourcecode.swift; path = BeBravUnitTests.swift; sourceTree = "<group>"; };
		DE797299AF89591F326E15764C1FD44F /* SQLiteDatabaseStub.swift */ = {isa = PBXFileReference; fileEncoding = 4; lastKnownFileType = sourcecode.swift; path = SQLiteDatabaseStub.swift; sourceTree = "<group>"; };
		EB3DA7E9F937A8B11C3F4E6F3A497267 /* Int+.swift */ = {isa = PBXFileReference; lastKnownFileType = sourcecode.swift; path = "Int+.swift"; sourceTree = "<group>"; };
		EFF9E1C28BF829AF02CAC32895B9A138 /* MainAutoResizingCollectionViewCell.swift */ = {isa = PBXFileReference; lastKnownFileType = sourcecode.swift; path = MainAutoResizingCollectionViewCell.swift; sourceTree = "<group>"; };
		F4189D1BC048CDBA568A72B92A407DC7 /* NetworkSeperatable.swift */ = {isa = PBXFileReference; lastKnownFileType = sourcecode.swift; path = NetworkSeperatable.swift; sourceTree = "<group>"; };
/* End PBXFileReference section */

/* Begin PBXFrameworksBuildPhase section */
		6267DC440BAD93277067EB9E10CB50D7 /* Frameworks */ = {
			isa = PBXFrameworksBuildPhase;
			buildActionMask = 2147483647;
			files = (
			);
			runOnlyForDeploymentPostprocessing = 0;
		};
		6B7D302F71B8400B14119A6BD755BEEF /* Frameworks */ = {
			isa = PBXFrameworksBuildPhase;
			buildActionMask = 2147483647;
			files = (
			);
			runOnlyForDeploymentPostprocessing = 0;
		};
/* End PBXFrameworksBuildPhase section */

/* Begin PBXGroup section */
		08248DCCAAFD3D9D7BF1FEC9774FEAB8 /* ResponseParser */ = {
			isa = PBXGroup;
			children = (
				6CC590485F5B4B387ABFBC0E3EAC1F46 /* JsonParser */,
				23EF2EC595B253068238A8C0BF112319 /* ResponseParser.swift */,
			);
			path = ResponseParser;
			sourceTree = "<group>";
		};
		0BBAA515B504C14DCF51F29AC465CE96 /* BeBrav */ = {
			isa = PBXGroup;
			children = (
				A263903DDDEF88E566FBA33CE7CF9EBB /* Database */,
				7EB85BD2F6FEAEB0F47D89D894FF8E8D /* ImageCache */,
				FF261075A33C23DEDF441571EEB2EC5D /* Models */,
				E809E96650B6598968E3EB41BE22E29F /* Networking */,
				673D7A40F60945813D1EEE3FC0E3A35B /* ViewControllers */,
				62B96E5BC5986356407DE93DDA64ED8F /* Views */,
				69A0A3ED2A0B8654815B50854C44633E /* AppDelegate.swift */,
				02616C4AB21A85C687C03458439E5FCE /* Assets.xcassets */,
				6EB856024BD68CAE8110ACFF92382570 /* ExampleViewController.swift */,
			);
			path = BeBrav;
			sourceTree = "<group>";
		};
		0DD9128EF47E239C562593112E00BDFC /* ArtAddViewController */ = {
			isa = PBXGroup;
			children = (
				043E64F1220F434938CFF8A95304113B /* ArtAddViewController.swift */,
			);
			path = ArtAddViewController;
			sourceTree = "<group>";
		};
		1B1B1376FAF23596F96B6198BBDDEEA9 /* Products */ = {
			isa = PBXGroup;
			children = (
				D6FEC244DAF9284C10C26BEF1CC66DB2 /* BeBrav.app */,
				926F3EA2607F67AF8410EAF1374AE908 /* BeBravUnitTests.xctest */,
			);
			name = Products;
			sourceTree = "<group>";
		};
		1DCEB569E53D47AA0657F1472B62BBA9 /* ServerDatabase */ = {
			isa = PBXGroup;
			children = (
				9887D1F0DB948BE7109D35E4F8F6EBA0 /* ServerDatabase.swift */,
			);
			path = ServerDatabase;
			sourceTree = "<group>";
		};
		21AA10EF7C565010F39F800B6615D13B /* Error */ = {
			isa = PBXGroup;
			children = (
				0C155042BBAB2EBC2C17EE5971B95C98 /* Error.swift */,
			);
			path = Error;
			sourceTree = "<group>";
		};
		223BC4F9D3BC71CB2FC609E3C9233CA2 /* NetworkModels */ = {
			isa = PBXGroup;
			children = (
				AA38CA42B34BC6CB919B0885B4211270 /* NetworkModel.swift */,
			);
			path = NetworkModels;
			sourceTree = "<group>";
		};
		2F3ED2A58D132E864D96BAAFF227E6C8 /* BeBravUnitTests */ = {
			isa = PBXGroup;
			children = (
				DC6AB31456A5D684D0087292DEF0967C /* BeBravUnitTests.swift */,
				359BD64513138B2A7F79B192779A1FBF /* Info.plist */,
			);
			path = BeBravUnitTests;
			sourceTree = "<group>";
		};
		2FB0CCB0883706AD578FF10FB8D0CB0B /* ServerAuth */ = {
			isa = PBXGroup;
			children = (
				55BB6CDE054DD8ACC816E8EC949B7C1F /* ServerAuth.swift */,
			);
			path = ServerAuth;
			sourceTree = "<group>";
		};
		49B9773623144D300D8039EA8BA86079 /* DatabaseHandler */ = {
			isa = PBXGroup;
			children = (
				89D1A5D4FA330697F9004C9C92306BDC /* SQLiteDatabase */,
			);
			path = DatabaseHandler;
			sourceTree = "<group>";
		};
		62B96E5BC5986356407DE93DDA64ED8F /* Views */ = {
			isa = PBXGroup;
			children = (
				EFF9E1C28BF829AF02CAC32895B9A138 /* MainAutoResizingCollectionViewCell.swift */,
			);
			path = Views;
			sourceTree = "<group>";
		};
		673D7A40F60945813D1EEE3FC0E3A35B /* ViewControllers */ = {
			isa = PBXGroup;
			children = (
				0DD9128EF47E239C562593112E00BDFC /* ArtAddViewController */,
				A775A85D082E6750303108B5526BDE3D /* ArtistViewController */,
				8D15307E3EAF6186457EDA0E5274F225 /* ArtworkViewController */,
				3B4D2FFC8D3D0C64791730C3CAE912D1 /* Extension */,
				6895BEC6042EB2B9A18B3199C3603662 /* MainViewController */,
			);
			path = ViewControllers;
			sourceTree = "<group>";
		};
		6895BEC6042EB2B9A18B3199C3603662 /* MainViewController */ = {
			isa = PBXGroup;
			children = (
				4FD35884C27E31E20D35E71DBE18AD33 /* MainAutoResizingCollectionViewController.swift */,
				95A21773E8CCECC3E01FC9FF5E994DBD /* PaginatingViewControllerPresentAnimator.swift */,
			);
			path = MainViewController;
			sourceTree = "<group>";
		};
		6CC590485F5B4B387ABFBC0E3EAC1F46 /* JsonParser */ = {
			isa = PBXGroup;
			children = (
				480DA08DCE13F448CEC37E36C5D12332 /* JsonParser.swift */,
			);
			path = JsonParser;
			sourceTree = "<group>";
		};
		7D106E865D486F4C12A128C2B329277B /* EndPoint */ = {
			isa = PBXGroup;
			children = (
				92011610F0CBDF804E47737086A8E867 /* FirebaseEndPoint.swift */,
				0D2A6BB047EAC83D31A5FCAC1DAF4DE2 /* HTTPMethod.swift */,
			);
			path = EndPoint;
			sourceTree = "<group>";
		};
		7D134BA0D5D4ACCBE9C4A0A0FB0FDEF0 /* NetworkFactories */ = {
			isa = PBXGroup;
			children = (
				D98CDC56DD0583A2D4A0C1E7FEAC492A /* NetworkDependencyContainer.swift */,
				BC9CE18B415226161E45D5801EE4BEEE /* NetworkFactory.swift */,
			);
			path = NetworkFactories;
			sourceTree = "<group>";
		};
		7EB85BD2F6FEAEB0F47D89D894FF8E8D /* ImageCache */ = {
			isa = PBXGroup;
			children = (
				E02CF8F1DF2CA353050E0D6B96F3CE5F /* DiskCacheProtocol */,
			);
			path = ImageCache;
			sourceTree = "<group>";
		};
		89D1A5D4FA330697F9004C9C92306BDC /* SQLiteDatabase */ = {
			isa = PBXGroup;
			children = (
				803D284F9C90EFA9404E2B83501FB0F9 /* SQLiteDatabase.swift */,
				2851E888CFFD59116FA629E2F344F668 /* SQLiteDatabaseProtocol.swift */,
			);
			path = SQLiteDatabase;
			sourceTree = "<group>";
		};
		8D15307E3EAF6186457EDA0E5274F225 /* ArtworkViewController */ = {
			isa = PBXGroup;
			children = (
				B5222EF608F2264D56B76B3438472BEB /* ArtworkViewController.swift */,
			);
			path = ArtworkViewController;
			sourceTree = "<group>";
		};
		A263903DDDEF88E566FBA33CE7CF9EBB /* Database */ = {
			isa = PBXGroup;
			children = (
				49B9773623144D300D8039EA8BA86079 /* DatabaseHandler */,
				FAC4E062121B99DCA841CEB7DC90B703 /* FileManager */,
				C1C31A18D81E835184BEE797A8FC9627 /* Stub */,
			);
			path = Database;
			sourceTree = "<group>";
		};
		3B4D2FFC8D3D0C64791730C3CAE912D1 /* Extension */ = {
			isa = PBXGroup;
			children = (
				EB3DA7E9F937A8B11C3F4E6F3A497267 /* Int+.swift */,
			);
			path = Extension;
			sourceTree = "<group>";
		};
		A775A85D082E6750303108B5526BDE3D /* ArtistViewController */ = {
			isa = PBXGroup;
			children = (
				95456023B00B453E21B107A11A140CA5 /* ArtistDetailHeaderView.swift */,
				246006B460246CD2BAC67C717ADBEBA8 /* ArtistViewController.swift */,
				0A9EA216BEF1D6C5956D1585A3EEA17B /* PhotoListCollectionViewCell.swift */,
				C5D4B5EDE9A5800D635DFB10F3B574E5 /* PhotoListHeaderCollectionReusableView.swift */,
			);
			path = ArtistViewController;
			sourceTree = "<group>";
		};
		AC9157059E31603734897F3BE6C24A1E /* ServerStorage */ = {
			isa = PBXGroup;
			children = (
				9A9DBF17A867215EC651CD62E4CCB45E /* ServerStorage.swift */,
			);
			path = ServerStorage;
			sourceTree = "<group>";
		};
		B5E5084EBB70ADEA8EC8377E4F461692 /* APIService */ = {
			isa = PBXGroup;
			children = (
				D2044F9CE1C06432BC4894740D0674C2 /* Dispatchable.swift */,
				64957DB209F471C5FBA74824EE5FA038 /* Dispatcher.swift */,
				CA47ECEE105E82B73256B25A70B2F0E8 /* NetworkSeparator.swift */,
				F4189D1BC048CDBA568A72B92A407DC7 /* NetworkSeperatable.swift */,
			);
			path = APIService;
			sourceTree = "<group>";
		};
		B97F28A7EE8C7E4A8E37852868F25E8A = {
			isa = PBXGroup;
			children = (
				0BBAA515B504C14DCF51F29AC465CE96 /* BeBrav */,
				2F3ED2A58D132E864D96BAAFF227E6C8 /* BeBravUnitTests */,
				1B1B1376FAF23596F96B6198BBDDEEA9 /* Products */,
			);
			sourceTree = "<group>";
		};
		C1C31A18D81E835184BEE797A8FC9627 /* Stub */ = {
			isa = PBXGroup;
			children = (
				8BA29AB727D140413F10F7634A4B161D /* FileManagerStub.swift */,
				DE797299AF89591F326E15764C1FD44F /* SQLiteDatabaseStub.swift */,
			);
			path = Stub;
			sourceTree = "<group>";
		};
		C89F6C555DEBEC4BCA3ACDA52F9366FC /* FirebaseModules */ = {
			isa = PBXGroup;
			children = (
				2FB0CCB0883706AD578FF10FB8D0CB0B /* ServerAuth */,
				1DCEB569E53D47AA0657F1472B62BBA9 /* ServerDatabase */,
				AC9157059E31603734897F3BE6C24A1E /* ServerStorage */,
				1C86CE1D6F867A42E8B2C1672A17EF42 /* FirebaseService.swift */,
			);
			path = FirebaseModules;
			sourceTree = "<group>";
		};
		C9136B68D11CB1C73771875D23A67511 /* requestMaker */ = {
			isa = PBXGroup;
			children = (
				AACEF7FEA9E405E751D3D56D76B39136 /* RequestMakable.swift */,
				6CF6F17944EFC05B5D4489C630E0056C /* RequestMaker.swift */,
			);
			path = requestMaker;
			sourceTree = "<group>";
		};
		E02CF8F1DF2CA353050E0D6B96F3CE5F /* DiskCacheProtocol */ = {
			isa = PBXGroup;
			children = (
				2E35EF5638986F5B75335F81734490E9 /* DiskCacheProtocol.swift */,
			);
			path = DiskCacheProtocol;
			sourceTree = "<group>";
		};
		E809E96650B6598968E3EB41BE22E29F /* Networking */ = {
			isa = PBXGroup;
			children = (
				B5E5084EBB70ADEA8EC8377E4F461692 /* APIService */,
				7D106E865D486F4C12A128C2B329277B /* EndPoint */,
				21AA10EF7C565010F39F800B6615D13B /* Error */,
				EDE3894FB470341E1471F03B9F22DE01 /* Extensions */,
				C89F6C555DEBEC4BCA3ACDA52F9366FC /* FirebaseModules */,
				7D134BA0D5D4ACCBE9C4A0A0FB0FDEF0 /* NetworkFactories */,
				223BC4F9D3BC71CB2FC609E3C9233CA2 /* NetworkModels */,
				08248DCCAAFD3D9D7BF1FEC9774FEAB8 /* ResponseParser */,
				F366F978F2742F0BB0539C770AD89303 /* Utils */,
				C9136B68D11CB1C73771875D23A67511 /* requestMaker */,
			);
			path = Networking;
			sourceTree = "<group>";
		};
		EDE3894FB470341E1471F03B9F22DE01 /* Extensions */ = {
			isa = PBXGroup;
			children = (
				0A8F61C7BB2E878A2478910D1FF3763B /* URL+.swift */,
				DC2B5E67586BFF4520F06AC8995B0722 /* URLResponse+.swift */,
			);
			path = Extensions;
			sourceTree = "<group>";
		};
		F366F978F2742F0BB0539C770AD89303 /* Utils */ = {
			isa = PBXGroup;
			children = (
				647910DED3DD0A9AAEE9B5084EF998FF /* MockDataTask.swift */,
				63799CA19F8EA6CCDE340FAFEECD7D85 /* MockSession.swift */,
				891771D686E46D37CD4D3A7489CAC95C /* URLSessionProtocol.swift */,
				D323B7C06D055BB2E3FC043076DFC75C /* URLSessionTaskProtocol.swift */,
			);
			path = Utils;
			sourceTree = "<group>";
		};
		FAC4E062121B99DCA841CEB7DC90B703 /* FileManager */ = {
			isa = PBXGroup;
			children = (
				1285B46C1A38F8A4E0F61F4FCE712C01 /* FileManagerProtocol.swift */,
			);
			path = FileManager;
			sourceTree = "<group>";
		};
		FF261075A33C23DEDF441571EEB2EC5D /* Models */ = {
			isa = PBXGroup;
			children = (
				9D19FF454B0882F38C1C746C9DC9EFD8 /* Artwork.swift */,
				1EF2A0ED4772009372332E23C0133FE5 /* AutoResizingCollecionViewModel.swift */,
				4C98D7AA1D107754EB075E95C3F7EB08 /* MostViewedArtworkDelegate.swift */,
			);
			path = Models;
			sourceTree = "<group>";
		};
/* End PBXGroup section */

/* Begin PBXNativeTarget section */
		2908041E6EB8D2351D82D158BB518FD6 /* BeBravUnitTests */ = {
			isa = PBXNativeTarget;
			buildConfigurationList = BA813AC3A17F93BBA13E80D616F30521 /* Build configuration list for PBXNativeTarget "BeBravUnitTests" */;
			buildPhases = (
				E0A5FE649D93A38B7C12DF4F1F9AFC25 /* Sources */,
				6267DC440BAD93277067EB9E10CB50D7 /* Frameworks */,
				E76F0A02A83BE54E5C0AB65ED7FAFA99 /* Resources */,
			);
			buildRules = (
			);
			dependencies = (
				F11FB440E03150D2CAD7AB4398187D60 /* PBXTargetDependency */,
			);
			name = BeBravUnitTests;
			productName = BeBravUnitTests;
			productReference = 926F3EA2607F67AF8410EAF1374AE908 /* BeBravUnitTests.xctest */;
			productType = "com.apple.product-type.bundle.unit-test";
		};
		EE61BE386E63B40F421A4E4C91040822 /* BeBrav */ = {
			isa = PBXNativeTarget;
			buildConfigurationList = 94D9DAF124B4628CE23F348C0A2BB75B /* Build configuration list for PBXNativeTarget "BeBrav" */;
			buildPhases = (
				47DBFA2BBEEF4BE030DF07DAD01B99EE /* Sources */,
				6B7D302F71B8400B14119A6BD755BEEF /* Frameworks */,
				7C6157751A3E6CF8F533B1B201773D0A /* Resources */,
			);
			buildRules = (
			);
			dependencies = (
			);
			name = BeBrav;
			productName = BeBrav;
			productReference = D6FEC244DAF9284C10C26BEF1CC66DB2 /* BeBrav.app */;
			productType = "com.apple.product-type.application";
		};
/* End PBXNativeTarget section */

/* Begin PBXProject section */
		AC48AED89DFDBB715861FF1B365E3DAE /* Project object */ = {
			isa = PBXProject;
			attributes = {
				LastSwiftUpdateCheck = 1010;
				LastUpgradeCheck = 1010;
				ORGANIZATIONNAME = bumslap;
				TargetAttributes = {
					2908041E6EB8D2351D82D158BB518FD6 = {
						CreatedOnToolsVersion = 10.1;
						TestTargetID = EE61BE386E63B40F421A4E4C91040822;
					};
					EE61BE386E63B40F421A4E4C91040822 = {
						CreatedOnToolsVersion = 10.1;
					};
				};
			};
			buildConfigurationList = 164BD1AFF5DCC5EE4E1689C2583B7F00 /* Build configuration list for PBXProject "BeBrav" */;
			compatibilityVersion = "Xcode 9.3";
			developmentRegion = en;
			hasScannedForEncodings = 0;
			knownRegions = (
				en,
				Base,
			);
			mainGroup = B97F28A7EE8C7E4A8E37852868F25E8A;
			productRefGroup = 1B1B1376FAF23596F96B6198BBDDEEA9 /* Products */;
			projectDirPath = "";
			projectRoot = "";
			targets = (
				EE61BE386E63B40F421A4E4C91040822 /* BeBrav */,
				2908041E6EB8D2351D82D158BB518FD6 /* BeBravUnitTests */,
			);
		};
/* End PBXProject section */

/* Begin PBXResourcesBuildPhase section */
		7C6157751A3E6CF8F533B1B201773D0A /* Resources */ = {
			isa = PBXResourcesBuildPhase;
			buildActionMask = 2147483647;
			files = (
				005B0D7767364EE83142010AAE3F25CF /* Assets.xcassets in Resources */,
			);
			runOnlyForDeploymentPostprocessing = 0;
		};
		E76F0A02A83BE54E5C0AB65ED7FAFA99 /* Resources */ = {
			isa = PBXResourcesBuildPhase;
			buildActionMask = 2147483647;
			files = (
			);
			runOnlyForDeploymentPostprocessing = 0;
		};
/* End PBXResourcesBuildPhase section */

/* Begin PBXSourcesBuildPhase section */
		47DBFA2BBEEF4BE030DF07DAD01B99EE /* Sources */ = {
			isa = PBXSourcesBuildPhase;
			buildActionMask = 2147483647;
			files = (
				1C10746637F03C86A4A08D99171A4D14 /* AppDelegate.swift in Sources */,
				1233AB81CDBBA83FF416FAB509FADA1E /* ArtAddViewController.swift in Sources */,
				422EC39B0A5F41DF7CAA9376F6ADE96B /* ArtistDetailHeaderView.swift in Sources */,
				AD04133C229C107735462E39A4A375B0 /* ArtistViewController.swift in Sources */,
				26377EF3F421DA95B2E5C333D81A66C5 /* Artwork.swift in Sources */,
				83C50A133091BF50F121C0A047A2219C /* ArtworkViewController.swift in Sources */,
				A3AD577C0F10A94E92457A3E811374CA /* AutoResizingCollecionViewModel.swift in Sources */,
				A8C4E2E80B2D98D89ECEE57DE0DF905E /* DiskCacheProtocol.swift in Sources */,
				05C2ABA52BB2AD1E628ADD348BBF99EC /* Dispatchable.swift in Sources */,
				629FE086E967301875C02AFB1AC9D620 /* Dispatcher.swift in Sources */,
				63C9D5B463A61879CCDC7D659457D18B /* Error.swift in Sources */,
				445A16B3DE66210EC82D0D24F7B77BD6 /* ExampleViewController.swift in Sources */,
				B82E87178F7D9CCC5645794B97758A28 /* FileManagerProtocol.swift in Sources */,
				78CED76E7C3176EEE878744482290F4B /* FileManagerStub.swift in Sources */,
				055B20725DDF5BB291918B7E9BD9B88A /* FirebaseEndPoint.swift in Sources */,
				9ED89D9162DE88CA1F08C7A9DA3B8242 /* FirebaseService.swift in Sources */,
				992ACBE6107CFBA8A352D829DB0E7ABA /* HTTPMethod.swift in Sources */,
				BC1C7386E4F30C360F4B24BC0DC931E3 /* Int+.swift in Sources */,
				BF087814FE56B85B9D3D75958CD60E5B /* JsonParser.swift in Sources */,
				EA78EFD9160665DA85CAF97258DAC0C8 /* MainAutoResizingCollectionViewCell.swift in Sources */,
				61054ABA347AD577B1CDB45D85F04BE5 /* MainAutoResizingCollectionViewController.swift in Sources */,
				C7FE81959E804D2CCAF18A1DEF05EE35 /* MockDataTask.swift in Sources */,
				CE9EF046EE3B691025493D118DD2E2A7 /* MockSession.swift in Sources */,
				F21FE802E189D867C530B644ECC7CE02 /* MostViewedArtworkDelegate.swift in Sources */,
				CA4966938FE397217278B2F57E30AF75 /* NetworkDependencyContainer.swift in Sources */,
				42A0535864150D885710EA553D8E0A2D /* NetworkFactory.swift in Sources */,
				D82B19EA31F2FC74D8AF3E4F3B145C1D /* NetworkModel.swift in Sources */,
				F768BDF216682A14A45F2C5DB9D10F93 /* NetworkSeparator.swift in Sources */,
				E2359D6E25A2B79182D53947E517B7DB /* NetworkSeperatable.swift in Sources */,
				A11223745E1B183CC8489CC052DA65D9 /* PaginatingViewControllerPresentAnimator.swift in Sources */,
				E1FC68BC9E358FBE460BC5DD66A99705 /* PhotoListCollectionViewCell.swift in Sources */,
				4D41570FCB25A68B3E86B51D3F1A56FE /* PhotoListHeaderCollectionReusableView.swift in Sources */,
				8CE7E1588ABA6187F67007948F01786C /* RequestMakable.swift in Sources */,
				069818446D85D5562268D9ADD51CD0F7 /* RequestMaker.swift in Sources */,
				EF546B8D3F597DB330B48A43270328F9 /* ResponseParser.swift in Sources */,
				F6DF953343175B3F542310331596B604 /* SQLiteDatabase.swift in Sources */,
				C6A810DE2CEB3673D8F1910EC7DF982D /* SQLiteDatabaseProtocol.swift in Sources */,
				CC3662985B7CEEEE359E38BC36C0DA4C /* SQLiteDatabaseStub.swift in Sources */,
				6036F80446995F40FAF6ADF6891F6628 /* ServerAuth.swift in Sources */,
				7FE7D462F19A9C039E2EE04CAA0A9EFF /* ServerDatabase.swift in Sources */,
				7F9ABC3DEE881648D6E3100E2A463EE7 /* ServerStorage.swift in Sources */,
				97F788816DE40F8FF9AC45AC30DE7126 /* URL+.swift in Sources */,
				7B2A32ACA4789A542C87A4281D352448 /* URLResponse+.swift in Sources */,
				0271249084FF828DD59E92BB9610540D /* URLSessionProtocol.swift in Sources */,
				16F933495301CA4C742E35FB84B783E9 /* URLSessionTaskProtocol.swift in Sources */,
			);
			runOnlyForDeploymentPostprocessing = 0;
		};
		E0A5FE649D93A38B7C12DF4F1F9AFC25 /* Sources */ = {
			isa = PBXSourcesBuildPhase;
			buildActionMask = 2147483647;
			files = (
				5FDAA1790C83B8B32FC46DF8456AD4C0 /* BeBravUnitTests.swift in Sources */,
			);
			runOnlyForDeploymentPostprocessing = 0;
		};
/* End PBXSourcesBuildPhase section */

/* Begin PBXTargetDependency section */
		F11FB440E03150D2CAD7AB4398187D60 /* PBXTargetDependency */ = {
			isa = PBXTargetDependency;
			target = EE61BE386E63B40F421A4E4C91040822 /* BeBrav */;
			targetProxy = FB59B1A154BEBEC446128654629A953D /* PBXContainerItemProxy */;
		};
/* End PBXTargetDependency section */

/* Begin XCBuildConfiguration section */
		1B45A78D3A1D5E8367063D4FA86C5C47 /* Release */ = {
			isa = XCBuildConfiguration;
			buildSettings = {
				BUNDLE_LOADER = "$(TEST_HOST)";
				CODE_SIGN_STYLE = Automatic;
				INFOPLIST_FILE = BeBravUnitTests/Info.plist;
				LD_RUNPATH_SEARCH_PATHS = (
					"$(inherited)",
					"@executable_path/Frameworks",
					"@loader_path/Frameworks",
				);
				PRODUCT_BUNDLE_IDENTIFIER = bumslap.com.BeBravUnitTests;
				PRODUCT_NAME = "$(TARGET_NAME)";
				SWIFT_VERSION = 4.2;
				TARGETED_DEVICE_FAMILY = "1,2";
				TEST_HOST = "$(BUILT_PRODUCTS_DIR)/BeBrav.app/BeBrav";
			};
			name = Release;
		};
		3E7AAF5739FFC3E7C03782B43FE504E9 /* Debug */ = {
			isa = XCBuildConfiguration;
			buildSettings = {
				ALWAYS_SEARCH_USER_PATHS = NO;
				CLANG_ANALYZER_LOCALIZABILITY_NONLOCALIZED = YES;
				CLANG_ANALYZER_NONNULL = YES;
				CLANG_ANALYZER_NUMBER_OBJECT_CONVERSION = YES_AGGRESSIVE;
				CLANG_CXX_LANGUAGE_STANDARD = "gnu++14";
				CLANG_CXX_LIBRARY = "libc++";
				CLANG_ENABLE_MODULES = YES;
				CLANG_ENABLE_OBJC_ARC = YES;
				CLANG_ENABLE_OBJC_WEAK = YES;
				CLANG_WARN_BLOCK_CAPTURE_AUTORELEASING = YES;
				CLANG_WARN_BOOL_CONVERSION = YES;
				CLANG_WARN_COMMA = YES;
				CLANG_WARN_CONSTANT_CONVERSION = YES;
				CLANG_WARN_DEPRECATED_OBJC_IMPLEMENTATIONS = YES;
				CLANG_WARN_DIRECT_OBJC_ISA_USAGE = YES_ERROR;
				CLANG_WARN_DOCUMENTATION_COMMENTS = YES;
				CLANG_WARN_EMPTY_BODY = YES;
				CLANG_WARN_ENUM_CONVERSION = YES;
				CLANG_WARN_INFINITE_RECURSION = YES;
				CLANG_WARN_INT_CONVERSION = YES;
				CLANG_WARN_NON_LITERAL_NULL_CONVERSION = YES;
				CLANG_WARN_OBJC_IMPLICIT_RETAIN_SELF = YES;
				CLANG_WARN_OBJC_LITERAL_CONVERSION = YES;
				CLANG_WARN_OBJC_ROOT_CLASS = YES_ERROR;
				CLANG_WARN_RANGE_LOOP_ANALYSIS = YES;
				CLANG_WARN_STRICT_PROTOTYPES = YES;
				CLANG_WARN_SUSPICIOUS_MOVE = YES;
				CLANG_WARN_UNGUARDED_AVAILABILITY = YES_AGGRESSIVE;
				CLANG_WARN_UNREACHABLE_CODE = YES;
				CLANG_WARN__DUPLICATE_METHOD_MATCH = YES;
				CODE_SIGN_IDENTITY = "iPhone Developer";
				COPY_PHASE_STRIP = NO;
				DEBUG_INFORMATION_FORMAT = dwarf;
				ENABLE_STRICT_OBJC_MSGSEND = YES;
				ENABLE_TESTABILITY = YES;
				GCC_C_LANGUAGE_STANDARD = gnu11;
				GCC_DYNAMIC_NO_PIC = NO;
				GCC_NO_COMMON_BLOCKS = YES;
				GCC_OPTIMIZATION_LEVEL = 0;
				GCC_PREPROCESSOR_DEFINITIONS = (
					"DEBUG=1",
					"$(inherited)",
				);
				GCC_WARN_64_TO_32_BIT_CONVERSION = YES;
				GCC_WARN_ABOUT_RETURN_TYPE = YES_ERROR;
				GCC_WARN_UNDECLARED_SELECTOR = YES;
				GCC_WARN_UNINITIALIZED_AUTOS = YES_AGGRESSIVE;
				GCC_WARN_UNUSED_FUNCTION = YES;
				GCC_WARN_UNUSED_VARIABLE = YES;
				IPHONEOS_DEPLOYMENT_TARGET = 12.1;
				MTL_ENABLE_DEBUG_INFO = INCLUDE_SOURCE;
				MTL_FAST_MATH = YES;
				ONLY_ACTIVE_ARCH = YES;
				SDKROOT = iphoneos;
				SWIFT_ACTIVE_COMPILATION_CONDITIONS = DEBUG;
				SWIFT_OPTIMIZATION_LEVEL = "-Onone";
			};
			name = Debug;
		};
		597A6B1B518A443BF577A43A32822E2F /* Debug */ = {
			isa = XCBuildConfiguration;
			buildSettings = {
				BUNDLE_LOADER = "$(TEST_HOST)";
				CODE_SIGN_STYLE = Automatic;
				INFOPLIST_FILE = BeBravUnitTests/Info.plist;
				LD_RUNPATH_SEARCH_PATHS = (
					"$(inherited)",
					"@executable_path/Frameworks",
					"@loader_path/Frameworks",
				);
				PRODUCT_BUNDLE_IDENTIFIER = bumslap.com.BeBravUnitTests;
				PRODUCT_NAME = "$(TARGET_NAME)";
				SWIFT_VERSION = 4.2;
				TARGETED_DEVICE_FAMILY = "1,2";
				TEST_HOST = "$(BUILT_PRODUCTS_DIR)/BeBrav.app/BeBrav";
			};
			name = Debug;
		};
		7753C088B4A3F3334ADC7C81849AD0D4 /* Debug */ = {
			isa = XCBuildConfiguration;
			buildSettings = {
				ASSETCATALOG_COMPILER_APPICON_NAME = AppIcon;
				CODE_SIGN_STYLE = Automatic;
				DEVELOPMENT_TEAM = CMXKRM464P;
				INFOPLIST_FILE = BeBrav/Info.plist;
				LD_RUNPATH_SEARCH_PATHS = (
					"$(inherited)",
					"@executable_path/Frameworks",
				);
				PRODUCT_BUNDLE_IDENTIFIER = com.boostCamp.BeBrav;
				PRODUCT_NAME = "$(TARGET_NAME)";
				SWIFT_VERSION = 4.2;
				TARGETED_DEVICE_FAMILY = "1,2";
			};
			name = Debug;
		};
		78C98576BA51BB6701A1AE341D90124A /* Release */ = {
			isa = XCBuildConfiguration;
			buildSettings = {
				ALWAYS_SEARCH_USER_PATHS = NO;
				CLANG_ANALYZER_LOCALIZABILITY_NONLOCALIZED = YES;
				CLANG_ANALYZER_NONNULL = YES;
				CLANG_ANALYZER_NUMBER_OBJECT_CONVERSION = YES_AGGRESSIVE;
				CLANG_CXX_LANGUAGE_STANDARD = "gnu++14";
				CLANG_CXX_LIBRARY = "libc++";
				CLANG_ENABLE_MODULES = YES;
				CLANG_ENABLE_OBJC_ARC = YES;
				CLANG_ENABLE_OBJC_WEAK = YES;
				CLANG_WARN_BLOCK_CAPTURE_AUTORELEASING = YES;
				CLANG_WARN_BOOL_CONVERSION = YES;
				CLANG_WARN_COMMA = YES;
				CLANG_WARN_CONSTANT_CONVERSION = YES;
				CLANG_WARN_DEPRECATED_OBJC_IMPLEMENTATIONS = YES;
				CLANG_WARN_DIRECT_OBJC_ISA_USAGE = YES_ERROR;
				CLANG_WARN_DOCUMENTATION_COMMENTS = YES;
				CLANG_WARN_EMPTY_BODY = YES;
				CLANG_WARN_ENUM_CONVERSION = YES;
				CLANG_WARN_INFINITE_RECURSION = YES;
				CLANG_WARN_INT_CONVERSION = YES;
				CLANG_WARN_NON_LITERAL_NULL_CONVERSION = YES;
				CLANG_WARN_OBJC_IMPLICIT_RETAIN_SELF = YES;
				CLANG_WARN_OBJC_LITERAL_CONVERSION = YES;
				CLANG_WARN_OBJC_ROOT_CLASS = YES_ERROR;
				CLANG_WARN_RANGE_LOOP_ANALYSIS = YES;
				CLANG_WARN_STRICT_PROTOTYPES = YES;
				CLANG_WARN_SUSPICIOUS_MOVE = YES;
				CLANG_WARN_UNGUARDED_AVAILABILITY = YES_AGGRESSIVE;
				CLANG_WARN_UNREACHABLE_CODE = YES;
				CLANG_WARN__DUPLICATE_METHOD_MATCH = YES;
				CODE_SIGN_IDENTITY = "iPhone Developer";
				COPY_PHASE_STRIP = NO;
				DEBUG_INFORMATION_FORMAT = "dwarf-with-dsym";
				ENABLE_NS_ASSERTIONS = NO;
				ENABLE_STRICT_OBJC_MSGSEND = YES;
				GCC_C_LANGUAGE_STANDARD = gnu11;
				GCC_NO_COMMON_BLOCKS = YES;
				GCC_WARN_64_TO_32_BIT_CONVERSION = YES;
				GCC_WARN_ABOUT_RETURN_TYPE = YES_ERROR;
				GCC_WARN_UNDECLARED_SELECTOR = YES;
				GCC_WARN_UNINITIALIZED_AUTOS = YES_AGGRESSIVE;
				GCC_WARN_UNUSED_FUNCTION = YES;
				GCC_WARN_UNUSED_VARIABLE = YES;
				IPHONEOS_DEPLOYMENT_TARGET = 12.1;
				MTL_ENABLE_DEBUG_INFO = NO;
				MTL_FAST_MATH = YES;
				SDKROOT = iphoneos;
				SWIFT_COMPILATION_MODE = wholemodule;
				SWIFT_OPTIMIZATION_LEVEL = "-O";
				VALIDATE_PRODUCT = YES;
			};
			name = Release;
		};
		A75AC4CC3D5BCAA8F704F35ABA83D326 /* Release */ = {
			isa = XCBuildConfiguration;
			buildSettings = {
				ASSETCATALOG_COMPILER_APPICON_NAME = AppIcon;
				CODE_SIGN_STYLE = Automatic;
				DEVELOPMENT_TEAM = CMXKRM464P;
				INFOPLIST_FILE = BeBrav/Info.plist;
				LD_RUNPATH_SEARCH_PATHS = (
					"$(inherited)",
					"@executable_path/Frameworks",
				);
				PRODUCT_BUNDLE_IDENTIFIER = com.boostCamp.BeBrav;
				PRODUCT_NAME = "$(TARGET_NAME)";
				SWIFT_VERSION = 4.2;
				TARGETED_DEVICE_FAMILY = "1,2";
			};
			name = Release;
		};
/* End XCBuildConfiguration section */

/* Begin XCConfigurationList section */
		164BD1AFF5DCC5EE4E1689C2583B7F00 /* Build configuration list for PBXProject "BeBrav" */ = {
			isa = XCConfigurationList;
			buildConfigurations = (
				3E7AAF5739FFC3E7C03782B43FE504E9 /* Debug */,
				78C98576BA51BB6701A1AE341D90124A /* Release */,
			);
			defaultConfigurationIsVisible = 0;
			defaultConfigurationName = Release;
		};
		94D9DAF124B4628CE23F348C0A2BB75B /* Build configuration list for PBXNativeTarget "BeBrav" */ = {
			isa = XCConfigurationList;
			buildConfigurations = (
				7753C088B4A3F3334ADC7C81849AD0D4 /* Debug */,
				A75AC4CC3D5BCAA8F704F35ABA83D326 /* Release */,
			);
			defaultConfigurationIsVisible = 0;
			defaultConfigurationName = Release;
		};
		BA813AC3A17F93BBA13E80D616F30521 /* Build configuration list for PBXNativeTarget "BeBravUnitTests" */ = {
			isa = XCConfigurationList;
			buildConfigurations = (
				597A6B1B518A443BF577A43A32822E2F /* Debug */,
				1B45A78D3A1D5E8367063D4FA86C5C47 /* Release */,
			);
			defaultConfigurationIsVisible = 0;
			defaultConfigurationName = Release;
		};
/* End XCConfigurationList section */
	};
	rootObject = AC48AED89DFDBB715861FF1B365E3DAE /* Project object */;
}
