// !$*UTF8*$!
{
	archiveVersion = 1;
	classes = {
	};
	objectVersion = 50;
	objects = {

/* Begin PBXBuildFile section */
		005B0D7767364EE83142010AAE3F25CF /* Assets.xcassets in Resources */ = {isa = PBXBuildFile; fileRef = 02616C4AB21A85C687C03458439E5FCE /* Assets.xcassets */; };
		1C10746637F03C86A4A08D99171A4D14 /* AppDelegate.swift in Sources */ = {isa = PBXBuildFile; fileRef = 69A0A3ED2A0B8654815B50854C44633E /* AppDelegate.swift */; };
		228ACF28C041870E3E71C2CEFBE7C56E /* LaunchScreen.storyboard in Resources */ = {isa = PBXBuildFile; fileRef = A2CD47ADC39421D6F866A772E43FDB75 /* LaunchScreen.storyboard */; };
		2FBE9E9DE2BF1C211C9C2A200E4B115C /* PhotoViewController.swift in Sources */ = {isa = PBXBuildFile; fileRef = 20033BAD390497A8FC3D9B796B8C3CDB /* PhotoViewController.swift */; };
		6EDA1628DE81C6BB7510F38E95CD783C /* Main.storyboard in Resources */ = {isa = PBXBuildFile; fileRef = A71127E59979806DFF9455A13BCACE0D /* Main.storyboard */; };
		9E33EBEDF0AA996BB6B06EA702CA2180 /* ViewController.swift in Sources */ = {isa = PBXBuildFile; fileRef = 150038B05EBA78FC382C4E40DF95D2D2 /* ViewController.swift */; };
		A365389521FAA4240045C732 /* Test.swift in Sources */ = {isa = PBXBuildFile; fileRef = A365389421FAA4240045C732 /* Test.swift */; };
/* End PBXBuildFile section */

/* Begin PBXFileReference section */
		02616C4AB21A85C687C03458439E5FCE /* Assets.xcassets */ = {isa = PBXFileReference; lastKnownFileType = folder.assetcatalog; path = Assets.xcassets; sourceTree = "<group>"; };
		1395FC5342A6AB6949BC371772F3B62F /* de */ = {isa = PBXFileReference; lastKnownFileType = text.plist.strings; name = de; path = de.lproj/LaunchScreen.strings; sourceTree = "<group>"; };
		150038B05EBA78FC382C4E40DF95D2D2 /* ViewController.swift */ = {isa = PBXFileReference; lastKnownFileType = sourcecode.swift; path = ViewController.swift; sourceTree = "<group>"; };
		20033BAD390497A8FC3D9B796B8C3CDB /* PhotoViewController.swift */ = {isa = PBXFileReference; lastKnownFileType = sourcecode.swift; path = PhotoViewController.swift; sourceTree = "<group>"; };
		69A0A3ED2A0B8654815B50854C44633E /* AppDelegate.swift */ = {isa = PBXFileReference; lastKnownFileType = sourcecode.swift; path = AppDelegate.swift; sourceTree = "<group>"; };
		8B8FD5D520AEA95D7835D39B98EBEE0E /* Base */ = {isa = PBXFileReference; lastKnownFileType = file.storyboard; name = Base; path = Base.lproj/Main.storyboard; sourceTree = "<group>"; };
		A2D1144A4E33DA411D8CEE71478D7749 /* Info.plist */ = {isa = PBXFileReference; lastKnownFileType = text.plist.xml; path = Info.plist; sourceTree = "<group>"; };
		A365389421FAA4240045C732 /* Test.swift */ = {isa = PBXFileReference; lastKnownFileType = sourcecode.swift; name = Test.swift; path = PhotoViewController/Test.swift; sourceTree = "<group>"; };
		A55FA2256822BAF4A73B3F1EA92B4CCE /* Base */ = {isa = PBXFileReference; lastKnownFileType = file.storyboard; name = Base; path = Base.lproj/LaunchScreen.storyboard; sourceTree = "<group>"; };
		D6FEC244DAF9284C10C26BEF1CC66DB2 /* BeBrav.app */ = {isa = PBXFileReference; explicitFileType = wrapper.application; includeInIndex = 0; path = BeBrav.app; sourceTree = BUILT_PRODUCTS_DIR; };
/* End PBXFileReference section */

/* Begin PBXFrameworksBuildPhase section */
		6B7D302F71B8400B14119A6BD755BEEF /* Frameworks */ = {
			isa = PBXFrameworksBuildPhase;
			buildActionMask = 2147483647;
			files = (
			);
			runOnlyForDeploymentPostprocessing = 0;
		};
/* End PBXFrameworksBuildPhase section */

/* Begin PBXGroup section */
		0BBAA515B504C14DCF51F29AC465CE96 /* BeBrav */ = {
			isa = PBXGroup;
			children = (
				9714B70EFAB8F26BB4E4564D7010BC57 /* PhotoViewController */,
				69A0A3ED2A0B8654815B50854C44633E /* AppDelegate.swift */,
				A365389421FAA4240045C732 /* Test.swift */,
				02616C4AB21A85C687C03458439E5FCE /* Assets.xcassets */,
				A2D1144A4E33DA411D8CEE71478D7749 /* Info.plist */,
				A2CD47ADC39421D6F866A772E43FDB75 /* LaunchScreen.storyboard */,
				A71127E59979806DFF9455A13BCACE0D /* Main.storyboard */,
				150038B05EBA78FC382C4E40DF95D2D2 /* ViewController.swift */,
			);
			path = BeBrav;
			sourceTree = "<group>";
		};
		1B1B1376FAF23596F96B6198BBDDEEA9 /* Products */ = {
			isa = PBXGroup;
			children = (
				D6FEC244DAF9284C10C26BEF1CC66DB2 /* BeBrav.app */,
			);
			name = Products;
			sourceTree = "<group>";
		};
		9714B70EFAB8F26BB4E4564D7010BC57 /* PhotoViewController */ = {
			isa = PBXGroup;
			children = (
				20033BAD390497A8FC3D9B796B8C3CDB /* PhotoViewController.swift */,
			);
			path = PhotoViewController;
			sourceTree = "<group>";
		};
		B97F28A7EE8C7E4A8E37852868F25E8A = {
			isa = PBXGroup;
			children = (
				0BBAA515B504C14DCF51F29AC465CE96 /* BeBrav */,
				1B1B1376FAF23596F96B6198BBDDEEA9 /* Products */,
			);
			sourceTree = "<group>";
		};
/* End PBXGroup section */

/* Begin PBXNativeTarget section */
		EE61BE386E63B40F421A4E4C91040822 /* BeBrav */ = {
			isa = PBXNativeTarget;
			buildConfigurationList = 94D9DAF124B4628CE23F348C0A2BB75B /* Build configuration list for PBXNativeTarget "BeBrav" */;
			buildPhases = (
				47DBFA2BBEEF4BE030DF07DAD01B99EE /* Sources */,
				6B7D302F71B8400B14119A6BD755BEEF /* Frameworks */,
				7C6157751A3E6CF8F533B1B201773D0A /* Resources */,
			);
			buildRules = (
			);
			dependencies = (
			);
			name = BeBrav;
			productName = BeBrav;
			productReference = D6FEC244DAF9284C10C26BEF1CC66DB2 /* BeBrav.app */;
			productType = "com.apple.product-type.application";
		};
/* End PBXNativeTarget section */

/* Begin PBXProject section */
		AC48AED89DFDBB715861FF1B365E3DAE /* Project object */ = {
			isa = PBXProject;
			attributes = {
				LastSwiftUpdateCheck = 1010;
				LastUpgradeCheck = 1010;
				ORGANIZATIONNAME = bumslap;
				TargetAttributes = {
					EE61BE386E63B40F421A4E4C91040822 = {
						CreatedOnToolsVersion = 10.1;
					};
				};
			};
			buildConfigurationList = 164BD1AFF5DCC5EE4E1689C2583B7F00 /* Build configuration list for PBXProject "BeBrav" */;
			compatibilityVersion = "Xcode 9.3";
			developmentRegion = en;
			hasScannedForEncodings = 0;
			knownRegions = (
				en,
				Base,
			);
			mainGroup = B97F28A7EE8C7E4A8E37852868F25E8A;
			productRefGroup = 1B1B1376FAF23596F96B6198BBDDEEA9 /* Products */;
			projectDirPath = "";
			projectRoot = "";
			targets = (
				EE61BE386E63B40F421A4E4C91040822 /* BeBrav */,
			);
		};
/* End PBXProject section */

/* Begin PBXResourcesBuildPhase section */
		7C6157751A3E6CF8F533B1B201773D0A /* Resources */ = {
			isa = PBXResourcesBuildPhase;
			buildActionMask = 2147483647;
			files = (
				005B0D7767364EE83142010AAE3F25CF /* Assets.xcassets in Resources */,
				228ACF28C041870E3E71C2CEFBE7C56E /* LaunchScreen.storyboard in Resources */,
				6EDA1628DE81C6BB7510F38E95CD783C /* Main.storyboard in Resources */,
			);
			runOnlyForDeploymentPostprocessing = 0;
		};
/* End PBXResourcesBuildPhase section */

/* Begin PBXSourcesBuildPhase section */
		47DBFA2BBEEF4BE030DF07DAD01B99EE /* Sources */ = {
			isa = PBXSourcesBuildPhase;
			buildActionMask = 2147483647;
			files = (
				1C10746637F03C86A4A08D99171A4D14 /* AppDelegate.swift in Sources */,
				A365389521FAA4240045C732 /* Test.swift in Sources */,
				2FBE9E9DE2BF1C211C9C2A200E4B115C /* PhotoViewController.swift in Sources */,
				9E33EBEDF0AA996BB6B06EA702CA2180 /* ViewController.swift in Sources */,
			);
			runOnlyForDeploymentPostprocessing = 0;
		};
/* End PBXSourcesBuildPhase section */

/* Begin PBXVariantGroup section */
		A2CD47ADC39421D6F866A772E43FDB75 /* LaunchScreen.storyboard */ = {
			isa = PBXVariantGroup;
			children = (
				A55FA2256822BAF4A73B3F1EA92B4CCE /* Base */,
				1395FC5342A6AB6949BC371772F3B62F /* de */,
			);
			name = LaunchScreen.storyboard;
			sourceTree = "<group>";
		};
		A71127E59979806DFF9455A13BCACE0D /* Main.storyboard */ = {
			isa = PBXVariantGroup;
			children = (
				8B8FD5D520AEA95D7835D39B98EBEE0E /* Base */,
			);
			name = Main.storyboard;
			sourceTree = "<group>";
		};
/* End PBXVariantGroup section */

/* Begin XCBuildConfiguration section */
		3E7AAF5739FFC3E7C03782B43FE504E9 /* Debug */ = {
			isa = XCBuildConfiguration;
			buildSettings = {
				ALWAYS_SEARCH_USER_PATHS = NO;
				CLANG_ANALYZER_LOCALIZABILITY_NONLOCALIZED = YES;
				CLANG_ANALYZER_NONNULL = YES;
				CLANG_ANALYZER_NUMBER_OBJECT_CONVERSION = YES_AGGRESSIVE;
				CLANG_CXX_LANGUAGE_STANDARD = "gnu++14";
				CLANG_CXX_LIBRARY = "libc++";
				CLANG_ENABLE_MODULES = YES;
				CLANG_ENABLE_OBJC_ARC = YES;
				CLANG_ENABLE_OBJC_WEAK = YES;
				CLANG_WARN_BLOCK_CAPTURE_AUTORELEASING = YES;
				CLANG_WARN_BOOL_CONVERSION = YES;
				CLANG_WARN_COMMA = YES;
				CLANG_WARN_CONSTANT_CONVERSION = YES;
				CLANG_WARN_DEPRECATED_OBJC_IMPLEMENTATIONS = YES;
				CLANG_WARN_DIRECT_OBJC_ISA_USAGE = YES_ERROR;
				CLANG_WARN_DOCUMENTATION_COMMENTS = YES;
				CLANG_WARN_EMPTY_BODY = YES;
				CLANG_WARN_ENUM_CONVERSION = YES;
				CLANG_WARN_INFINITE_RECURSION = YES;
				CLANG_WARN_INT_CONVERSION = YES;
				CLANG_WARN_NON_LITERAL_NULL_CONVERSION = YES;
				CLANG_WARN_OBJC_IMPLICIT_RETAIN_SELF = YES;
				CLANG_WARN_OBJC_LITERAL_CONVERSION = YES;
				CLANG_WARN_OBJC_ROOT_CLASS = YES_ERROR;
				CLANG_WARN_RANGE_LOOP_ANALYSIS = YES;
				CLANG_WARN_STRICT_PROTOTYPES = YES;
				CLANG_WARN_SUSPICIOUS_MOVE = YES;
				CLANG_WARN_UNGUARDED_AVAILABILITY = YES_AGGRESSIVE;
				CLANG_WARN_UNREACHABLE_CODE = YES;
				CLANG_WARN__DUPLICATE_METHOD_MATCH = YES;
				CODE_SIGN_IDENTITY = "iPhone Developer";
				COPY_PHASE_STRIP = NO;
				DEBUG_INFORMATION_FORMAT = dwarf;
				ENABLE_STRICT_OBJC_MSGSEND = YES;
				ENABLE_TESTABILITY = YES;
				GCC_C_LANGUAGE_STANDARD = gnu11;
				GCC_DYNAMIC_NO_PIC = NO;
				GCC_NO_COMMON_BLOCKS = YES;
				GCC_OPTIMIZATION_LEVEL = 0;
				GCC_PREPROCESSOR_DEFINITIONS = (
					"DEBUG=1",
					"$(inherited)",
				);
				GCC_WARN_64_TO_32_BIT_CONVERSION = YES;
				GCC_WARN_ABOUT_RETURN_TYPE = YES_ERROR;
				GCC_WARN_UNDECLARED_SELECTOR = YES;
				GCC_WARN_UNINITIALIZED_AUTOS = YES_AGGRESSIVE;
				GCC_WARN_UNUSED_FUNCTION = YES;
				GCC_WARN_UNUSED_VARIABLE = YES;
				IPHONEOS_DEPLOYMENT_TARGET = 12.1;
				MTL_ENABLE_DEBUG_INFO = INCLUDE_SOURCE;
				MTL_FAST_MATH = YES;
				ONLY_ACTIVE_ARCH = YES;
				SDKROOT = iphoneos;
				SWIFT_ACTIVE_COMPILATION_CONDITIONS = DEBUG;
				SWIFT_OPTIMIZATION_LEVEL = "-Onone";
			};
			name = Debug;
		};
		7753C088B4A3F3334ADC7C81849AD0D4 /* Debug */ = {
			isa = XCBuildConfiguration;
			buildSettings = {
				ASSETCATALOG_COMPILER_APPICON_NAME = AppIcon;
				CODE_SIGN_STYLE = Automatic;
				DEVELOPMENT_TEAM = CMXKRM464P;
				INFOPLIST_FILE = BeBrav/Info.plist;
				LD_RUNPATH_SEARCH_PATHS = (
					"$(inherited)",
					"@executable_path/Frameworks",
				);
				PRODUCT_BUNDLE_IDENTIFIER = com.boostCamp.BeBrav;
				PRODUCT_NAME = "$(TARGET_NAME)";
				SWIFT_VERSION = 4.2;
				TARGETED_DEVICE_FAMILY = "1,2";
			};
			name = Debug;
		};
		78C98576BA51BB6701A1AE341D90124A /* Release */ = {
			isa = XCBuildConfiguration;
			buildSettings = {
				ALWAYS_SEARCH_USER_PATHS = NO;
				CLANG_ANALYZER_LOCALIZABILITY_NONLOCALIZED = YES;
				CLANG_ANALYZER_NONNULL = YES;
				CLANG_ANALYZER_NUMBER_OBJECT_CONVERSION = YES_AGGRESSIVE;
				CLANG_CXX_LANGUAGE_STANDARD = "gnu++14";
				CLANG_CXX_LIBRARY = "libc++";
				CLANG_ENABLE_MODULES = YES;
				CLANG_ENABLE_OBJC_ARC = YES;
				CLANG_ENABLE_OBJC_WEAK = YES;
				CLANG_WARN_BLOCK_CAPTURE_AUTORELEASING = YES;
				CLANG_WARN_BOOL_CONVERSION = YES;
				CLANG_WARN_COMMA = YES;
				CLANG_WARN_CONSTANT_CONVERSION = YES;
				CLANG_WARN_DEPRECATED_OBJC_IMPLEMENTATIONS = YES;
				CLANG_WARN_DIRECT_OBJC_ISA_USAGE = YES_ERROR;
				CLANG_WARN_DOCUMENTATION_COMMENTS = YES;
				CLANG_WARN_EMPTY_BODY = YES;
				CLANG_WARN_ENUM_CONVERSION = YES;
				CLANG_WARN_INFINITE_RECURSION = YES;
				CLANG_WARN_INT_CONVERSION = YES;
				CLANG_WARN_NON_LITERAL_NULL_CONVERSION = YES;
				CLANG_WARN_OBJC_IMPLICIT_RETAIN_SELF = YES;
				CLANG_WARN_OBJC_LITERAL_CONVERSION = YES;
				CLANG_WARN_OBJC_ROOT_CLASS = YES_ERROR;
				CLANG_WARN_RANGE_LOOP_ANALYSIS = YES;
				CLANG_WARN_STRICT_PROTOTYPES = YES;
				CLANG_WARN_SUSPICIOUS_MOVE = YES;
				CLANG_WARN_UNGUARDED_AVAILABILITY = YES_AGGRESSIVE;
				CLANG_WARN_UNREACHABLE_CODE = YES;
				CLANG_WARN__DUPLICATE_METHOD_MATCH = YES;
				CODE_SIGN_IDENTITY = "iPhone Developer";
				COPY_PHASE_STRIP = NO;
				DEBUG_INFORMATION_FORMAT = "dwarf-with-dsym";
				ENABLE_NS_ASSERTIONS = NO;
				ENABLE_STRICT_OBJC_MSGSEND = YES;
				GCC_C_LANGUAGE_STANDARD = gnu11;
				GCC_NO_COMMON_BLOCKS = YES;
				GCC_WARN_64_TO_32_BIT_CONVERSION = YES;
				GCC_WARN_ABOUT_RETURN_TYPE = YES_ERROR;
				GCC_WARN_UNDECLARED_SELECTOR = YES;
				GCC_WARN_UNINITIALIZED_AUTOS = YES_AGGRESSIVE;
				GCC_WARN_UNUSED_FUNCTION = YES;
				GCC_WARN_UNUSED_VARIABLE = YES;
				IPHONEOS_DEPLOYMENT_TARGET = 12.1;
				MTL_ENABLE_DEBUG_INFO = NO;
				MTL_FAST_MATH = YES;
				SDKROOT = iphoneos;
				SWIFT_COMPILATION_MODE = wholemodule;
				SWIFT_OPTIMIZATION_LEVEL = "-O";
				VALIDATE_PRODUCT = YES;
			};
			name = Release;
		};
		A75AC4CC3D5BCAA8F704F35ABA83D326 /* Release */ = {
			isa = XCBuildConfiguration;
			buildSettings = {
				ASSETCATALOG_COMPILER_APPICON_NAME = AppIcon;
				CODE_SIGN_STYLE = Automatic;
				DEVELOPMENT_TEAM = CMXKRM464P;
				INFOPLIST_FILE = BeBrav/Info.plist;
				LD_RUNPATH_SEARCH_PATHS = (
					"$(inherited)",
					"@executable_path/Frameworks",
				);
				PRODUCT_BUNDLE_IDENTIFIER = com.boostCamp.BeBrav;
				PRODUCT_NAME = "$(TARGET_NAME)";
				SWIFT_VERSION = 4.2;
				TARGETED_DEVICE_FAMILY = "1,2";
			};
			name = Release;
		};
/* End XCBuildConfiguration section */

/* Begin XCConfigurationList section */
		164BD1AFF5DCC5EE4E1689C2583B7F00 /* Build configuration list for PBXProject "BeBrav" */ = {
			isa = XCConfigurationList;
			buildConfigurations = (
				3E7AAF5739FFC3E7C03782B43FE504E9 /* Debug */,
				78C98576BA51BB6701A1AE341D90124A /* Release */,
			);
			defaultConfigurationIsVisible = 0;
			defaultConfigurationName = Release;
		};
		94D9DAF124B4628CE23F348C0A2BB75B /* Build configuration list for PBXNativeTarget "BeBrav" */ = {
			isa = XCConfigurationList;
			buildConfigurations = (
				7753C088B4A3F3334ADC7C81849AD0D4 /* Debug */,
				A75AC4CC3D5BCAA8F704F35ABA83D326 /* Release */,
			);
			defaultConfigurationIsVisible = 0;
			defaultConfigurationName = Release;
		};
/* End XCConfigurationList section */
	};
	rootObject = AC48AED89DFDBB715861FF1B365E3DAE /* Project object */;
}
